// !$*UTF8*$!
{
	archiveVersion = 1;
	classes = {
	};
	objectVersion = 56;
	objects = {

/* Begin PBXBuildFile section */
		B553ABF22C86FF360069C7CB /* RickAndMortyAppApp.swift in Sources */ = {isa = PBXBuildFile; fileRef = B553ABF12C86FF360069C7CB /* RickAndMortyAppApp.swift */; };
		B553ABF42C86FF360069C7CB /* ContentView.swift in Sources */ = {isa = PBXBuildFile; fileRef = B553ABF32C86FF360069C7CB /* ContentView.swift */; };
		B553ABF62C86FF370069C7CB /* Assets.xcassets in Resources */ = {isa = PBXBuildFile; fileRef = B553ABF52C86FF370069C7CB /* Assets.xcassets */; };
		B553ABFA2C86FF370069C7CB /* Preview Assets.xcassets in Resources */ = {isa = PBXBuildFile; fileRef = B553ABF92C86FF370069C7CB /* Preview Assets.xcassets */; };
		B553AC042C86FF380069C7CB /* RickAndMortyAppTests.swift in Sources */ = {isa = PBXBuildFile; fileRef = B553AC032C86FF380069C7CB /* RickAndMortyAppTests.swift */; };
		B553AC0E2C86FF380069C7CB /* RickAndMortyAppUITests.swift in Sources */ = {isa = PBXBuildFile; fileRef = B553AC0D2C86FF380069C7CB /* RickAndMortyAppUITests.swift */; };
		B553AC102C86FF380069C7CB /* RickAndMortyAppUITestsLaunchTests.swift in Sources */ = {isa = PBXBuildFile; fileRef = B553AC0F2C86FF380069C7CB /* RickAndMortyAppUITestsLaunchTests.swift */; };
		B553AC1F2C8703270069C7CB /* Endpoint.swift in Sources */ = {isa = PBXBuildFile; fileRef = B553AC1E2C8703270069C7CB /* Endpoint.swift */; };
		B553AC212C8703300069C7CB /* HttpClient.swift in Sources */ = {isa = PBXBuildFile; fileRef = B553AC202C8703300069C7CB /* HttpClient.swift */; };
		B553AC232C87033B0069C7CB /* RequestError.swift in Sources */ = {isa = PBXBuildFile; fileRef = B553AC222C87033B0069C7CB /* RequestError.swift */; };
		B553AC282C8706EF0069C7CB /* RickAndMortyCharactersRequestDTO.swift in Sources */ = {isa = PBXBuildFile; fileRef = B553AC272C8706EF0069C7CB /* RickAndMortyCharactersRequestDTO.swift */; };
		B553AC2A2C8707A30069C7CB /* RickAndMortyEndpoint.swift in Sources */ = {isa = PBXBuildFile; fileRef = B553AC292C8707A30069C7CB /* RickAndMortyEndpoint.swift */; };
		B553AC2F2C870D660069C7CB /* RickAndMortyCharactersResponseDTO.swift in Sources */ = {isa = PBXBuildFile; fileRef = B553AC2E2C870D660069C7CB /* RickAndMortyCharactersResponseDTO.swift */; };
		B553AC312C870DF70069C7CB /* RickAndMortyCharacterOriginDTO.swift in Sources */ = {isa = PBXBuildFile; fileRef = B553AC302C870DF70069C7CB /* RickAndMortyCharacterOriginDTO.swift */; };
		B553AC332C870E060069C7CB /* RickAndMortyCharacterDTO.swift in Sources */ = {isa = PBXBuildFile; fileRef = B553AC322C870E060069C7CB /* RickAndMortyCharacterDTO.swift */; };
		B553AC362C870F710069C7CB /* RickAndMortyDatasource.swift in Sources */ = {isa = PBXBuildFile; fileRef = B553AC352C870F710069C7CB /* RickAndMortyDatasource.swift */; };
		B553AC3A2C8710DC0069C7CB /* RickAndMortyCharacter.swift in Sources */ = {isa = PBXBuildFile; fileRef = B553AC392C8710DC0069C7CB /* RickAndMortyCharacter.swift */; };
		B553AC3C2C8711440069C7CB /* RickAndMortyCharacterOrigin.swift in Sources */ = {isa = PBXBuildFile; fileRef = B553AC3B2C8711440069C7CB /* RickAndMortyCharacterOrigin.swift */; };
/* End PBXBuildFile section */

/* Begin PBXContainerItemProxy section */
		B553AC002C86FF380069C7CB /* PBXContainerItemProxy */ = {
			isa = PBXContainerItemProxy;
			containerPortal = B553ABE62C86FF360069C7CB /* Project object */;
			proxyType = 1;
			remoteGlobalIDString = B553ABED2C86FF360069C7CB;
			remoteInfo = RickAndMortyApp;
		};
		B553AC0A2C86FF380069C7CB /* PBXContainerItemProxy */ = {
			isa = PBXContainerItemProxy;
			containerPortal = B553ABE62C86FF360069C7CB /* Project object */;
			proxyType = 1;
			remoteGlobalIDString = B553ABED2C86FF360069C7CB;
			remoteInfo = RickAndMortyApp;
		};
/* End PBXContainerItemProxy section */

/* Begin PBXFileReference section */
		B553ABEE2C86FF360069C7CB /* RickAndMortyApp.app */ = {isa = PBXFileReference; explicitFileType = wrapper.application; includeInIndex = 0; path = RickAndMortyApp.app; sourceTree = BUILT_PRODUCTS_DIR; };
		B553ABF12C86FF360069C7CB /* RickAndMortyAppApp.swift */ = {isa = PBXFileReference; lastKnownFileType = sourcecode.swift; path = RickAndMortyAppApp.swift; sourceTree = "<group>"; };
		B553ABF32C86FF360069C7CB /* ContentView.swift */ = {isa = PBXFileReference; lastKnownFileType = sourcecode.swift; path = ContentView.swift; sourceTree = "<group>"; };
		B553ABF52C86FF370069C7CB /* Assets.xcassets */ = {isa = PBXFileReference; lastKnownFileType = folder.assetcatalog; path = Assets.xcassets; sourceTree = "<group>"; };
		B553ABF72C86FF370069C7CB /* RickAndMortyApp.entitlements */ = {isa = PBXFileReference; lastKnownFileType = text.plist.entitlements; path = RickAndMortyApp.entitlements; sourceTree = "<group>"; };
		B553ABF92C86FF370069C7CB /* Preview Assets.xcassets */ = {isa = PBXFileReference; lastKnownFileType = folder.assetcatalog; path = "Preview Assets.xcassets"; sourceTree = "<group>"; };
		B553ABFF2C86FF380069C7CB /* RickAndMortyAppTests.xctest */ = {isa = PBXFileReference; explicitFileType = wrapper.cfbundle; includeInIndex = 0; path = RickAndMortyAppTests.xctest; sourceTree = BUILT_PRODUCTS_DIR; };
		B553AC032C86FF380069C7CB /* RickAndMortyAppTests.swift */ = {isa = PBXFileReference; lastKnownFileType = sourcecode.swift; path = RickAndMortyAppTests.swift; sourceTree = "<group>"; };
		B553AC092C86FF380069C7CB /* RickAndMortyAppUITests.xctest */ = {isa = PBXFileReference; explicitFileType = wrapper.cfbundle; includeInIndex = 0; path = RickAndMortyAppUITests.xctest; sourceTree = BUILT_PRODUCTS_DIR; };
		B553AC0D2C86FF380069C7CB /* RickAndMortyAppUITests.swift */ = {isa = PBXFileReference; lastKnownFileType = sourcecode.swift; path = RickAndMortyAppUITests.swift; sourceTree = "<group>"; };
		B553AC0F2C86FF380069C7CB /* RickAndMortyAppUITestsLaunchTests.swift */ = {isa = PBXFileReference; lastKnownFileType = sourcecode.swift; path = RickAndMortyAppUITestsLaunchTests.swift; sourceTree = "<group>"; };
		B553AC1E2C8703270069C7CB /* Endpoint.swift */ = {isa = PBXFileReference; lastKnownFileType = sourcecode.swift; path = Endpoint.swift; sourceTree = "<group>"; };
		B553AC202C8703300069C7CB /* HttpClient.swift */ = {isa = PBXFileReference; lastKnownFileType = sourcecode.swift; path = HttpClient.swift; sourceTree = "<group>"; };
		B553AC222C87033B0069C7CB /* RequestError.swift */ = {isa = PBXFileReference; lastKnownFileType = sourcecode.swift; path = RequestError.swift; sourceTree = "<group>"; };
		B553AC272C8706EF0069C7CB /* RickAndMortyCharactersRequestDTO.swift */ = {isa = PBXFileReference; lastKnownFileType = sourcecode.swift; path = RickAndMortyCharactersRequestDTO.swift; sourceTree = "<group>"; };
		B553AC292C8707A30069C7CB /* RickAndMortyEndpoint.swift */ = {isa = PBXFileReference; lastKnownFileType = sourcecode.swift; path = RickAndMortyEndpoint.swift; sourceTree = "<group>"; };
		B553AC2E2C870D660069C7CB /* RickAndMortyCharactersResponseDTO.swift */ = {isa = PBXFileReference; lastKnownFileType = sourcecode.swift; path = RickAndMortyCharactersResponseDTO.swift; sourceTree = "<group>"; };
		B553AC302C870DF70069C7CB /* RickAndMortyCharacterOriginDTO.swift */ = {isa = PBXFileReference; lastKnownFileType = sourcecode.swift; path = RickAndMortyCharacterOriginDTO.swift; sourceTree = "<group>"; };
		B553AC322C870E060069C7CB /* RickAndMortyCharacterDTO.swift */ = {isa = PBXFileReference; lastKnownFileType = sourcecode.swift; path = RickAndMortyCharacterDTO.swift; sourceTree = "<group>"; };
		B553AC352C870F710069C7CB /* RickAndMortyDatasource.swift */ = {isa = PBXFileReference; lastKnownFileType = sourcecode.swift; path = RickAndMortyDatasource.swift; sourceTree = "<group>"; };
		B553AC392C8710DC0069C7CB /* RickAndMortyCharacter.swift */ = {isa = PBXFileReference; lastKnownFileType = sourcecode.swift; path = RickAndMortyCharacter.swift; sourceTree = "<group>"; };
		B553AC3B2C8711440069C7CB /* RickAndMortyCharacterOrigin.swift */ = {isa = PBXFileReference; lastKnownFileType = sourcecode.swift; path = RickAndMortyCharacterOrigin.swift; sourceTree = "<group>"; };
/* End PBXFileReference section */

/* Begin PBXFrameworksBuildPhase section */
		B553ABEB2C86FF360069C7CB /* Frameworks */ = {
			isa = PBXFrameworksBuildPhase;
			buildActionMask = 2147483647;
			files = (
			);
			runOnlyForDeploymentPostprocessing = 0;
		};
		B553ABFC2C86FF380069C7CB /* Frameworks */ = {
			isa = PBXFrameworksBuildPhase;
			buildActionMask = 2147483647;
			files = (
			);
			runOnlyForDeploymentPostprocessing = 0;
		};
		B553AC062C86FF380069C7CB /* Frameworks */ = {
			isa = PBXFrameworksBuildPhase;
			buildActionMask = 2147483647;
			files = (
			);
			runOnlyForDeploymentPostprocessing = 0;
		};
/* End PBXFrameworksBuildPhase section */

/* Begin PBXGroup section */
		B553ABE52C86FF360069C7CB = {
			isa = PBXGroup;
			children = (
				B553ABF02C86FF360069C7CB /* RickAndMortyApp */,
				B553AC022C86FF380069C7CB /* RickAndMortyAppTests */,
				B553AC0C2C86FF380069C7CB /* RickAndMortyAppUITests */,
				B553ABEF2C86FF360069C7CB /* Products */,
			);
			sourceTree = "<group>";
		};
		B553ABEF2C86FF360069C7CB /* Products */ = {
			isa = PBXGroup;
			children = (
				B553ABEE2C86FF360069C7CB /* RickAndMortyApp.app */,
				B553ABFF2C86FF380069C7CB /* RickAndMortyAppTests.xctest */,
				B553AC092C86FF380069C7CB /* RickAndMortyAppUITests.xctest */,
			);
			name = Products;
			sourceTree = "<group>";
		};
		B553ABF02C86FF360069C7CB /* RickAndMortyApp */ = {
			isa = PBXGroup;
			children = (
				B553ABF72C86FF370069C7CB /* RickAndMortyApp.entitlements */,
				B553ABF32C86FF360069C7CB /* ContentView.swift */,
				B553ABF12C86FF360069C7CB /* RickAndMortyAppApp.swift */,
				B553ABF52C86FF370069C7CB /* Assets.xcassets */,
				B553AC242C8706B20069C7CB /* Data */,
				B553AC372C8710CC0069C7CB /* Domain */,
				B553AC1C2C87029A0069C7CB /* Infrastructure */,
				B553ABF82C86FF370069C7CB /* Preview Content */,
			);
			path = RickAndMortyApp;
			sourceTree = "<group>";
		};
		B553ABF82C86FF370069C7CB /* Preview Content */ = {
			isa = PBXGroup;
			children = (
				B553ABF92C86FF370069C7CB /* Preview Assets.xcassets */,
			);
			path = "Preview Content";
			sourceTree = "<group>";
		};
		B553AC022C86FF380069C7CB /* RickAndMortyAppTests */ = {
			isa = PBXGroup;
			children = (
				B553AC032C86FF380069C7CB /* RickAndMortyAppTests.swift */,
			);
			path = RickAndMortyAppTests;
			sourceTree = "<group>";
		};
		B553AC0C2C86FF380069C7CB /* RickAndMortyAppUITests */ = {
			isa = PBXGroup;
			children = (
				B553AC0D2C86FF380069C7CB /* RickAndMortyAppUITests.swift */,
				B553AC0F2C86FF380069C7CB /* RickAndMortyAppUITestsLaunchTests.swift */,
			);
			path = RickAndMortyAppUITests;
			sourceTree = "<group>";
		};
		B553AC1C2C87029A0069C7CB /* Infrastructure */ = {
			isa = PBXGroup;
			children = (
				B553AC1D2C8702A20069C7CB /* Network */,
			);
			path = Infrastructure;
			sourceTree = "<group>";
		};
		B553AC1D2C8702A20069C7CB /* Network */ = {
			isa = PBXGroup;
			children = (
				B553AC1E2C8703270069C7CB /* Endpoint.swift */,
				B553AC202C8703300069C7CB /* HttpClient.swift */,
				B553AC222C87033B0069C7CB /* RequestError.swift */,
			);
			path = Network;
			sourceTree = "<group>";
		};
		B553AC242C8706B20069C7CB /* Data */ = {
			isa = PBXGroup;
			children = (
				B553AC252C8706B90069C7CB /* Network */,
			);
			path = Data;
			sourceTree = "<group>";
		};
		B553AC252C8706B90069C7CB /* Network */ = {
			isa = PBXGroup;
			children = (
				B553AC292C8707A30069C7CB /* RickAndMortyEndpoint.swift */,
				B553AC342C870F5C0069C7CB /* Datasources */,
				B553AC262C8706DF0069C7CB /* DTOs */,
			);
			path = Network;
			sourceTree = "<group>";
		};
		B553AC262C8706DF0069C7CB /* DTOs */ = {
			isa = PBXGroup;
			children = (
				B553AC322C870E060069C7CB /* RickAndMortyCharacterDTO.swift */,
				B553AC302C870DF70069C7CB /* RickAndMortyCharacterOriginDTO.swift */,
				B553AC272C8706EF0069C7CB /* RickAndMortyCharactersRequestDTO.swift */,
				B553AC2E2C870D660069C7CB /* RickAndMortyCharactersResponseDTO.swift */,
			);
			path = DTOs;
			sourceTree = "<group>";
		};
		B553AC342C870F5C0069C7CB /* Datasources */ = {
			isa = PBXGroup;
			children = (
				B553AC352C870F710069C7CB /* RickAndMortyDatasource.swift */,
			);
			path = Datasources;
			sourceTree = "<group>";
		};
		B553AC372C8710CC0069C7CB /* Domain */ = {
			isa = PBXGroup;
			children = (
				B553AC382C8710D40069C7CB /* Entities */,
			);
			path = Domain;
			sourceTree = "<group>";
		};
		B553AC382C8710D40069C7CB /* Entities */ = {
			isa = PBXGroup;
			children = (
				B553AC392C8710DC0069C7CB /* RickAndMortyCharacter.swift */,
				B553AC3B2C8711440069C7CB /* RickAndMortyCharacterOrigin.swift */,
			);
			path = Entities;
			sourceTree = "<group>";
		};
/* End PBXGroup section */

/* Begin PBXNativeTarget section */
		B553ABED2C86FF360069C7CB /* RickAndMortyApp */ = {
			isa = PBXNativeTarget;
			buildConfigurationList = B553AC132C86FF380069C7CB /* Build configuration list for PBXNativeTarget "RickAndMortyApp" */;
			buildPhases = (
				B553ABEA2C86FF360069C7CB /* Sources */,
				B553ABEB2C86FF360069C7CB /* Frameworks */,
				B553ABEC2C86FF360069C7CB /* Resources */,
			);
			buildRules = (
			);
			dependencies = (
			);
			name = RickAndMortyApp;
			productName = RickAndMortyApp;
			productReference = B553ABEE2C86FF360069C7CB /* RickAndMortyApp.app */;
			productType = "com.apple.product-type.application";
		};
		B553ABFE2C86FF380069C7CB /* RickAndMortyAppTests */ = {
			isa = PBXNativeTarget;
			buildConfigurationList = B553AC162C86FF380069C7CB /* Build configuration list for PBXNativeTarget "RickAndMortyAppTests" */;
			buildPhases = (
				B553ABFB2C86FF380069C7CB /* Sources */,
				B553ABFC2C86FF380069C7CB /* Frameworks */,
				B553ABFD2C86FF380069C7CB /* Resources */,
			);
			buildRules = (
			);
			dependencies = (
				B553AC012C86FF380069C7CB /* PBXTargetDependency */,
			);
			name = RickAndMortyAppTests;
			productName = RickAndMortyAppTests;
			productReference = B553ABFF2C86FF380069C7CB /* RickAndMortyAppTests.xctest */;
			productType = "com.apple.product-type.bundle.unit-test";
		};
		B553AC082C86FF380069C7CB /* RickAndMortyAppUITests */ = {
			isa = PBXNativeTarget;
			buildConfigurationList = B553AC192C86FF380069C7CB /* Build configuration list for PBXNativeTarget "RickAndMortyAppUITests" */;
			buildPhases = (
				B553AC052C86FF380069C7CB /* Sources */,
				B553AC062C86FF380069C7CB /* Frameworks */,
				B553AC072C86FF380069C7CB /* Resources */,
			);
			buildRules = (
			);
			dependencies = (
				B553AC0B2C86FF380069C7CB /* PBXTargetDependency */,
			);
			name = RickAndMortyAppUITests;
			productName = RickAndMortyAppUITests;
			productReference = B553AC092C86FF380069C7CB /* RickAndMortyAppUITests.xctest */;
			productType = "com.apple.product-type.bundle.ui-testing";
		};
/* End PBXNativeTarget section */

/* Begin PBXProject section */
		B553ABE62C86FF360069C7CB /* Project object */ = {
			isa = PBXProject;
			attributes = {
				BuildIndependentTargetsInParallel = 1;
				LastSwiftUpdateCheck = 1540;
				LastUpgradeCheck = 1540;
				TargetAttributes = {
					B553ABED2C86FF360069C7CB = {
						CreatedOnToolsVersion = 15.4;
					};
					B553ABFE2C86FF380069C7CB = {
						CreatedOnToolsVersion = 15.4;
						TestTargetID = B553ABED2C86FF360069C7CB;
					};
					B553AC082C86FF380069C7CB = {
						CreatedOnToolsVersion = 15.4;
						TestTargetID = B553ABED2C86FF360069C7CB;
					};
				};
			};
			buildConfigurationList = B553ABE92C86FF360069C7CB /* Build configuration list for PBXProject "RickAndMortyApp" */;
			compatibilityVersion = "Xcode 14.0";
			developmentRegion = en;
			hasScannedForEncodings = 0;
			knownRegions = (
				en,
				Base,
			);
			mainGroup = B553ABE52C86FF360069C7CB;
			productRefGroup = B553ABEF2C86FF360069C7CB /* Products */;
			projectDirPath = "";
			projectRoot = "";
			targets = (
				B553ABED2C86FF360069C7CB /* RickAndMortyApp */,
				B553ABFE2C86FF380069C7CB /* RickAndMortyAppTests */,
				B553AC082C86FF380069C7CB /* RickAndMortyAppUITests */,
			);
		};
/* End PBXProject section */

/* Begin PBXResourcesBuildPhase section */
		B553ABEC2C86FF360069C7CB /* Resources */ = {
			isa = PBXResourcesBuildPhase;
			buildActionMask = 2147483647;
			files = (
				B553ABFA2C86FF370069C7CB /* Preview Assets.xcassets in Resources */,
				B553ABF62C86FF370069C7CB /* Assets.xcassets in Resources */,
			);
			runOnlyForDeploymentPostprocessing = 0;
		};
		B553ABFD2C86FF380069C7CB /* Resources */ = {
			isa = PBXResourcesBuildPhase;
			buildActionMask = 2147483647;
			files = (
			);
			runOnlyForDeploymentPostprocessing = 0;
		};
		B553AC072C86FF380069C7CB /* Resources */ = {
			isa = PBXResourcesBuildPhase;
			buildActionMask = 2147483647;
			files = (
			);
			runOnlyForDeploymentPostprocessing = 0;
		};
/* End PBXResourcesBuildPhase section */

/* Begin PBXSourcesBuildPhase section */
		B553ABEA2C86FF360069C7CB /* Sources */ = {
			isa = PBXSourcesBuildPhase;
			buildActionMask = 2147483647;
			files = (
				B553AC362C870F710069C7CB /* RickAndMortyDatasource.swift in Sources */,
				B553ABF42C86FF360069C7CB /* ContentView.swift in Sources */,
				B553AC332C870E060069C7CB /* RickAndMortyCharacterDTO.swift in Sources */,
				B553AC3A2C8710DC0069C7CB /* RickAndMortyCharacter.swift in Sources */,
				B553AC2A2C8707A30069C7CB /* RickAndMortyEndpoint.swift in Sources */,
				B553AC232C87033B0069C7CB /* RequestError.swift in Sources */,
				B553AC1F2C8703270069C7CB /* Endpoint.swift in Sources */,
				B553AC312C870DF70069C7CB /* RickAndMortyCharacterOriginDTO.swift in Sources */,
				B553AC282C8706EF0069C7CB /* RickAndMortyCharactersRequestDTO.swift in Sources */,
				B553AC2F2C870D660069C7CB /* RickAndMortyCharactersResponseDTO.swift in Sources */,
				B553AC212C8703300069C7CB /* HttpClient.swift in Sources */,
				B553AC3C2C8711440069C7CB /* RickAndMortyCharacterOrigin.swift in Sources */,
				B553ABF22C86FF360069C7CB /* RickAndMortyAppApp.swift in Sources */,
			);
			runOnlyForDeploymentPostprocessing = 0;
		};
		B553ABFB2C86FF380069C7CB /* Sources */ = {
			isa = PBXSourcesBuildPhase;
			buildActionMask = 2147483647;
			files = (
				B553AC042C86FF380069C7CB /* RickAndMortyAppTests.swift in Sources */,
			);
			runOnlyForDeploymentPostprocessing = 0;
		};
		B553AC052C86FF380069C7CB /* Sources */ = {
			isa = PBXSourcesBuildPhase;
			buildActionMask = 2147483647;
			files = (
				B553AC0E2C86FF380069C7CB /* RickAndMortyAppUITests.swift in Sources */,
				B553AC102C86FF380069C7CB /* RickAndMortyAppUITestsLaunchTests.swift in Sources */,
			);
			runOnlyForDeploymentPostprocessing = 0;
		};
/* End PBXSourcesBuildPhase section */

/* Begin PBXTargetDependency section */
		B553AC012C86FF380069C7CB /* PBXTargetDependency */ = {
			isa = PBXTargetDependency;
			target = B553ABED2C86FF360069C7CB /* RickAndMortyApp */;
			targetProxy = B553AC002C86FF380069C7CB /* PBXContainerItemProxy */;
		};
		B553AC0B2C86FF380069C7CB /* PBXTargetDependency */ = {
			isa = PBXTargetDependency;
			target = B553ABED2C86FF360069C7CB /* RickAndMortyApp */;
			targetProxy = B553AC0A2C86FF380069C7CB /* PBXContainerItemProxy */;
		};
/* End PBXTargetDependency section */

/* Begin XCBuildConfiguration section */
		B553AC112C86FF380069C7CB /* Debug */ = {
			isa = XCBuildConfiguration;
			buildSettings = {
				ALWAYS_SEARCH_USER_PATHS = NO;
				ASSETCATALOG_COMPILER_GENERATE_SWIFT_ASSET_SYMBOL_EXTENSIONS = YES;
				CLANG_ANALYZER_NONNULL = YES;
				CLANG_ANALYZER_NUMBER_OBJECT_CONVERSION = YES_AGGRESSIVE;
				CLANG_CXX_LANGUAGE_STANDARD = "gnu++20";
				CLANG_ENABLE_MODULES = YES;
				CLANG_ENABLE_OBJC_ARC = YES;
				CLANG_ENABLE_OBJC_WEAK = YES;
				CLANG_WARN_BLOCK_CAPTURE_AUTORELEASING = YES;
				CLANG_WARN_BOOL_CONVERSION = YES;
				CLANG_WARN_COMMA = YES;
				CLANG_WARN_CONSTANT_CONVERSION = YES;
				CLANG_WARN_DEPRECATED_OBJC_IMPLEMENTATIONS = YES;
				CLANG_WARN_DIRECT_OBJC_ISA_USAGE = YES_ERROR;
				CLANG_WARN_DOCUMENTATION_COMMENTS = YES;
				CLANG_WARN_EMPTY_BODY = YES;
				CLANG_WARN_ENUM_CONVERSION = YES;
				CLANG_WARN_INFINITE_RECURSION = YES;
				CLANG_WARN_INT_CONVERSION = YES;
				CLANG_WARN_NON_LITERAL_NULL_CONVERSION = YES;
				CLANG_WARN_OBJC_IMPLICIT_RETAIN_SELF = YES;
				CLANG_WARN_OBJC_LITERAL_CONVERSION = YES;
				CLANG_WARN_OBJC_ROOT_CLASS = YES_ERROR;
				CLANG_WARN_QUOTED_INCLUDE_IN_FRAMEWORK_HEADER = YES;
				CLANG_WARN_RANGE_LOOP_ANALYSIS = YES;
				CLANG_WARN_STRICT_PROTOTYPES = YES;
				CLANG_WARN_SUSPICIOUS_MOVE = YES;
				CLANG_WARN_UNGUARDED_AVAILABILITY = YES_AGGRESSIVE;
				CLANG_WARN_UNREACHABLE_CODE = YES;
				CLANG_WARN__DUPLICATE_METHOD_MATCH = YES;
				COPY_PHASE_STRIP = NO;
				DEBUG_INFORMATION_FORMAT = dwarf;
				ENABLE_STRICT_OBJC_MSGSEND = YES;
				ENABLE_TESTABILITY = YES;
				ENABLE_USER_SCRIPT_SANDBOXING = YES;
				GCC_C_LANGUAGE_STANDARD = gnu17;
				GCC_DYNAMIC_NO_PIC = NO;
				GCC_NO_COMMON_BLOCKS = YES;
				GCC_OPTIMIZATION_LEVEL = 0;
				GCC_PREPROCESSOR_DEFINITIONS = (
					"DEBUG=1",
					"$(inherited)",
				);
				GCC_WARN_64_TO_32_BIT_CONVERSION = YES;
				GCC_WARN_ABOUT_RETURN_TYPE = YES_ERROR;
				GCC_WARN_UNDECLARED_SELECTOR = YES;
				GCC_WARN_UNINITIALIZED_AUTOS = YES_AGGRESSIVE;
				GCC_WARN_UNUSED_FUNCTION = YES;
				GCC_WARN_UNUSED_VARIABLE = YES;
				LOCALIZATION_PREFERS_STRING_CATALOGS = YES;
				MTL_ENABLE_DEBUG_INFO = INCLUDE_SOURCE;
				MTL_FAST_MATH = YES;
				ONLY_ACTIVE_ARCH = YES;
				SWIFT_ACTIVE_COMPILATION_CONDITIONS = "DEBUG $(inherited)";
				SWIFT_OPTIMIZATION_LEVEL = "-Onone";
			};
			name = Debug;
		};
		B553AC122C86FF380069C7CB /* Release */ = {
			isa = XCBuildConfiguration;
			buildSettings = {
				ALWAYS_SEARCH_USER_PATHS = NO;
				ASSETCATALOG_COMPILER_GENERATE_SWIFT_ASSET_SYMBOL_EXTENSIONS = YES;
				CLANG_ANALYZER_NONNULL = YES;
				CLANG_ANALYZER_NUMBER_OBJECT_CONVERSION = YES_AGGRESSIVE;
				CLANG_CXX_LANGUAGE_STANDARD = "gnu++20";
				CLANG_ENABLE_MODULES = YES;
				CLANG_ENABLE_OBJC_ARC = YES;
				CLANG_ENABLE_OBJC_WEAK = YES;
				CLANG_WARN_BLOCK_CAPTURE_AUTORELEASING = YES;
				CLANG_WARN_BOOL_CONVERSION = YES;
				CLANG_WARN_COMMA = YES;
				CLANG_WARN_CONSTANT_CONVERSION = YES;
				CLANG_WARN_DEPRECATED_OBJC_IMPLEMENTATIONS = YES;
				CLANG_WARN_DIRECT_OBJC_ISA_USAGE = YES_ERROR;
				CLANG_WARN_DOCUMENTATION_COMMENTS = YES;
				CLANG_WARN_EMPTY_BODY = YES;
				CLANG_WARN_ENUM_CONVERSION = YES;
				CLANG_WARN_INFINITE_RECURSION = YES;
				CLANG_WARN_INT_CONVERSION = YES;
				CLANG_WARN_NON_LITERAL_NULL_CONVERSION = YES;
				CLANG_WARN_OBJC_IMPLICIT_RETAIN_SELF = YES;
				CLANG_WARN_OBJC_LITERAL_CONVERSION = YES;
				CLANG_WARN_OBJC_ROOT_CLASS = YES_ERROR;
				CLANG_WARN_QUOTED_INCLUDE_IN_FRAMEWORK_HEADER = YES;
				CLANG_WARN_RANGE_LOOP_ANALYSIS = YES;
				CLANG_WARN_STRICT_PROTOTYPES = YES;
				CLANG_WARN_SUSPICIOUS_MOVE = YES;
				CLANG_WARN_UNGUARDED_AVAILABILITY = YES_AGGRESSIVE;
				CLANG_WARN_UNREACHABLE_CODE = YES;
				CLANG_WARN__DUPLICATE_METHOD_MATCH = YES;
				COPY_PHASE_STRIP = NO;
				DEBUG_INFORMATION_FORMAT = "dwarf-with-dsym";
				ENABLE_NS_ASSERTIONS = NO;
				ENABLE_STRICT_OBJC_MSGSEND = YES;
				ENABLE_USER_SCRIPT_SANDBOXING = YES;
				GCC_C_LANGUAGE_STANDARD = gnu17;
				GCC_NO_COMMON_BLOCKS = YES;
				GCC_WARN_64_TO_32_BIT_CONVERSION = YES;
				GCC_WARN_ABOUT_RETURN_TYPE = YES_ERROR;
				GCC_WARN_UNDECLARED_SELECTOR = YES;
				GCC_WARN_UNINITIALIZED_AUTOS = YES_AGGRESSIVE;
				GCC_WARN_UNUSED_FUNCTION = YES;
				GCC_WARN_UNUSED_VARIABLE = YES;
				LOCALIZATION_PREFERS_STRING_CATALOGS = YES;
				MTL_ENABLE_DEBUG_INFO = NO;
				MTL_FAST_MATH = YES;
				SWIFT_COMPILATION_MODE = wholemodule;
			};
			name = Release;
		};
		B553AC142C86FF380069C7CB /* Debug */ = {
			isa = XCBuildConfiguration;
			buildSettings = {
				ASSETCATALOG_COMPILER_APPICON_NAME = AppIcon;
				ASSETCATALOG_COMPILER_GLOBAL_ACCENT_COLOR_NAME = AccentColor;
				CODE_SIGN_ENTITLEMENTS = RickAndMortyApp/RickAndMortyApp.entitlements;
				CODE_SIGN_STYLE = Automatic;
				CURRENT_PROJECT_VERSION = 1;
				DEVELOPMENT_ASSET_PATHS = "\"RickAndMortyApp/Preview Content\"";
				DEVELOPMENT_TEAM = HM99275N5A;
				ENABLE_HARDENED_RUNTIME = YES;
				ENABLE_PREVIEWS = YES;
				GENERATE_INFOPLIST_FILE = YES;
				"INFOPLIST_KEY_UIApplicationSceneManifest_Generation[sdk=iphoneos*]" = YES;
				"INFOPLIST_KEY_UIApplicationSceneManifest_Generation[sdk=iphonesimulator*]" = YES;
				"INFOPLIST_KEY_UIApplicationSupportsIndirectInputEvents[sdk=iphoneos*]" = YES;
				"INFOPLIST_KEY_UIApplicationSupportsIndirectInputEvents[sdk=iphonesimulator*]" = YES;
				"INFOPLIST_KEY_UILaunchScreen_Generation[sdk=iphoneos*]" = YES;
				"INFOPLIST_KEY_UILaunchScreen_Generation[sdk=iphonesimulator*]" = YES;
				"INFOPLIST_KEY_UIStatusBarStyle[sdk=iphoneos*]" = UIStatusBarStyleDefault;
				"INFOPLIST_KEY_UIStatusBarStyle[sdk=iphonesimulator*]" = UIStatusBarStyleDefault;
				INFOPLIST_KEY_UISupportedInterfaceOrientations_iPad = "UIInterfaceOrientationPortrait UIInterfaceOrientationPortraitUpsideDown UIInterfaceOrientationLandscapeLeft UIInterfaceOrientationLandscapeRight";
				INFOPLIST_KEY_UISupportedInterfaceOrientations_iPhone = "UIInterfaceOrientationPortrait UIInterfaceOrientationLandscapeLeft UIInterfaceOrientationLandscapeRight";
				IPHONEOS_DEPLOYMENT_TARGET = 17.5;
				LD_RUNPATH_SEARCH_PATHS = "@executable_path/Frameworks";
				"LD_RUNPATH_SEARCH_PATHS[sdk=macosx*]" = "@executable_path/../Frameworks";
				MACOSX_DEPLOYMENT_TARGET = 14.5;
				MARKETING_VERSION = 1.0;
				PRODUCT_BUNDLE_IDENTIFIER = com.rickandmorty.jm.RickAndMortyApp;
				PRODUCT_NAME = "$(TARGET_NAME)";
				SDKROOT = auto;
				SUPPORTED_PLATFORMS = "iphoneos iphonesimulator macosx";
				SWIFT_EMIT_LOC_STRINGS = YES;
				SWIFT_VERSION = 5.0;
				TARGETED_DEVICE_FAMILY = "1,2";
			};
			name = Debug;
		};
		B553AC152C86FF380069C7CB /* Release */ = {
			isa = XCBuildConfiguration;
			buildSettings = {
				ASSETCATALOG_COMPILER_APPICON_NAME = AppIcon;
				ASSETCATALOG_COMPILER_GLOBAL_ACCENT_COLOR_NAME = AccentColor;
				CODE_SIGN_ENTITLEMENTS = RickAndMortyApp/RickAndMortyApp.entitlements;
				CODE_SIGN_STYLE = Automatic;
				CURRENT_PROJECT_VERSION = 1;
				DEVELOPMENT_ASSET_PATHS = "\"RickAndMortyApp/Preview Content\"";
				DEVELOPMENT_TEAM = HM99275N5A;
				ENABLE_HARDENED_RUNTIME = YES;
				ENABLE_PREVIEWS = YES;
				GENERATE_INFOPLIST_FILE = YES;
				"INFOPLIST_KEY_UIApplicationSceneManifest_Generation[sdk=iphoneos*]" = YES;
				"INFOPLIST_KEY_UIApplicationSceneManifest_Generation[sdk=iphonesimulator*]" = YES;
				"INFOPLIST_KEY_UIApplicationSupportsIndirectInputEvents[sdk=iphoneos*]" = YES;
				"INFOPLIST_KEY_UIApplicationSupportsIndirectInputEvents[sdk=iphonesimulator*]" = YES;
				"INFOPLIST_KEY_UILaunchScreen_Generation[sdk=iphoneos*]" = YES;
				"INFOPLIST_KEY_UILaunchScreen_Generation[sdk=iphonesimulator*]" = YES;
				"INFOPLIST_KEY_UIStatusBarStyle[sdk=iphoneos*]" = UIStatusBarStyleDefault;
				"INFOPLIST_KEY_UIStatusBarStyle[sdk=iphonesimulator*]" = UIStatusBarStyleDefault;
				INFOPLIST_KEY_UISupportedInterfaceOrientations_iPad = "UIInterfaceOrientationPortrait UIInterfaceOrientationPortraitUpsideDown UIInterfaceOrientationLandscapeLeft UIInterfaceOrientationLandscapeRight";
				INFOPLIST_KEY_UISupportedInterfaceOrientations_iPhone = "UIInterfaceOrientationPortrait UIInterfaceOrientationLandscapeLeft UIInterfaceOrientationLandscapeRight";
				IPHONEOS_DEPLOYMENT_TARGET = 17.5;
				LD_RUNPATH_SEARCH_PATHS = "@executable_path/Frameworks";
				"LD_RUNPATH_SEARCH_PATHS[sdk=macosx*]" = "@executable_path/../Frameworks";
				MACOSX_DEPLOYMENT_TARGET = 14.5;
				MARKETING_VERSION = 1.0;
				PRODUCT_BUNDLE_IDENTIFIER = com.rickandmorty.jm.RickAndMortyApp;
				PRODUCT_NAME = "$(TARGET_NAME)";
				SDKROOT = auto;
				SUPPORTED_PLATFORMS = "iphoneos iphonesimulator macosx";
				SWIFT_EMIT_LOC_STRINGS = YES;
				SWIFT_VERSION = 5.0;
				TARGETED_DEVICE_FAMILY = "1,2";
			};
			name = Release;
		};
		B553AC172C86FF380069C7CB /* Debug */ = {
			isa = XCBuildConfiguration;
			buildSettings = {
				ALWAYS_EMBED_SWIFT_STANDARD_LIBRARIES = YES;
				BUNDLE_LOADER = "$(TEST_HOST)";
				CODE_SIGN_STYLE = Automatic;
				CURRENT_PROJECT_VERSION = 1;
				DEVELOPMENT_TEAM = HM99275N5A;
				GENERATE_INFOPLIST_FILE = YES;
				IPHONEOS_DEPLOYMENT_TARGET = 17.5;
				MACOSX_DEPLOYMENT_TARGET = 14.5;
				MARKETING_VERSION = 1.0;
				PRODUCT_BUNDLE_IDENTIFIER = com.rickandmorty.jm.RickAndMortyAppTests;
				PRODUCT_NAME = "$(TARGET_NAME)";
				SDKROOT = auto;
				SUPPORTED_PLATFORMS = "iphoneos iphonesimulator macosx";
				SWIFT_EMIT_LOC_STRINGS = NO;
				SWIFT_VERSION = 5.0;
				TARGETED_DEVICE_FAMILY = "1,2";
				TEST_HOST = "$(BUILT_PRODUCTS_DIR)/RickAndMortyApp.app/$(BUNDLE_EXECUTABLE_FOLDER_PATH)/RickAndMortyApp";
			};
			name = Debug;
		};
		B553AC182C86FF380069C7CB /* Release */ = {
			isa = XCBuildConfiguration;
			buildSettings = {
				ALWAYS_EMBED_SWIFT_STANDARD_LIBRARIES = YES;
				BUNDLE_LOADER = "$(TEST_HOST)";
				CODE_SIGN_STYLE = Automatic;
				CURRENT_PROJECT_VERSION = 1;
				DEVELOPMENT_TEAM = HM99275N5A;
				GENERATE_INFOPLIST_FILE = YES;
				IPHONEOS_DEPLOYMENT_TARGET = 17.5;
				MACOSX_DEPLOYMENT_TARGET = 14.5;
				MARKETING_VERSION = 1.0;
				PRODUCT_BUNDLE_IDENTIFIER = com.rickandmorty.jm.RickAndMortyAppTests;
				PRODUCT_NAME = "$(TARGET_NAME)";
				SDKROOT = auto;
				SUPPORTED_PLATFORMS = "iphoneos iphonesimulator macosx";
				SWIFT_EMIT_LOC_STRINGS = NO;
				SWIFT_VERSION = 5.0;
				TARGETED_DEVICE_FAMILY = "1,2";
				TEST_HOST = "$(BUILT_PRODUCTS_DIR)/RickAndMortyApp.app/$(BUNDLE_EXECUTABLE_FOLDER_PATH)/RickAndMortyApp";
			};
			name = Release;
		};
		B553AC1A2C86FF380069C7CB /* Debug */ = {
			isa = XCBuildConfiguration;
			buildSettings = {
				ALWAYS_EMBED_SWIFT_STANDARD_LIBRARIES = YES;
				CODE_SIGN_STYLE = Automatic;
				CURRENT_PROJECT_VERSION = 1;
				DEVELOPMENT_TEAM = HM99275N5A;
				GENERATE_INFOPLIST_FILE = YES;
				IPHONEOS_DEPLOYMENT_TARGET = 17.5;
				MACOSX_DEPLOYMENT_TARGET = 14.5;
				MARKETING_VERSION = 1.0;
				PRODUCT_BUNDLE_IDENTIFIER = com.rickandmorty.jm.RickAndMortyAppUITests;
				PRODUCT_NAME = "$(TARGET_NAME)";
				SDKROOT = auto;
				SUPPORTED_PLATFORMS = "iphoneos iphonesimulator macosx";
				SWIFT_EMIT_LOC_STRINGS = NO;
				SWIFT_VERSION = 5.0;
				TARGETED_DEVICE_FAMILY = "1,2";
				TEST_TARGET_NAME = RickAndMortyApp;
			};
			name = Debug;
		};
		B553AC1B2C86FF380069C7CB /* Release */ = {
			isa = XCBuildConfiguration;
			buildSettings = {
				ALWAYS_EMBED_SWIFT_STANDARD_LIBRARIES = YES;
				CODE_SIGN_STYLE = Automatic;
				CURRENT_PROJECT_VERSION = 1;
				DEVELOPMENT_TEAM = HM99275N5A;
				GENERATE_INFOPLIST_FILE = YES;
				IPHONEOS_DEPLOYMENT_TARGET = 17.5;
				MACOSX_DEPLOYMENT_TARGET = 14.5;
				MARKETING_VERSION = 1.0;
				PRODUCT_BUNDLE_IDENTIFIER = com.rickandmorty.jm.RickAndMortyAppUITests;
				PRODUCT_NAME = "$(TARGET_NAME)";
				SDKROOT = auto;
				SUPPORTED_PLATFORMS = "iphoneos iphonesimulator macosx";
				SWIFT_EMIT_LOC_STRINGS = NO;
				SWIFT_VERSION = 5.0;
				TARGETED_DEVICE_FAMILY = "1,2";
				TEST_TARGET_NAME = RickAndMortyApp;
			};
			name = Release;
		};
/* End XCBuildConfiguration section */

/* Begin XCConfigurationList section */
		B553ABE92C86FF360069C7CB /* Build configuration list for PBXProject "RickAndMortyApp" */ = {
			isa = XCConfigurationList;
			buildConfigurations = (
				B553AC112C86FF380069C7CB /* Debug */,
				B553AC122C86FF380069C7CB /* Release */,
			);
			defaultConfigurationIsVisible = 0;
			defaultConfigurationName = Release;
		};
		B553AC132C86FF380069C7CB /* Build configuration list for PBXNativeTarget "RickAndMortyApp" */ = {
			isa = XCConfigurationList;
			buildConfigurations = (
				B553AC142C86FF380069C7CB /* Debug */,
				B553AC152C86FF380069C7CB /* Release */,
			);
			defaultConfigurationIsVisible = 0;
			defaultConfigurationName = Release;
		};
		B553AC162C86FF380069C7CB /* Build configuration list for PBXNativeTarget "RickAndMortyAppTests" */ = {
			isa = XCConfigurationList;
			buildConfigurations = (
				B553AC172C86FF380069C7CB /* Debug */,
				B553AC182C86FF380069C7CB /* Release */,
			);
			defaultConfigurationIsVisible = 0;
			defaultConfigurationName = Release;
		};
		B553AC192C86FF380069C7CB /* Build configuration list for PBXNativeTarget "RickAndMortyAppUITests" */ = {
			isa = XCConfigurationList;
			buildConfigurations = (
				B553AC1A2C86FF380069C7CB /* Debug */,
				B553AC1B2C86FF380069C7CB /* Release */,
			);
			defaultConfigurationIsVisible = 0;
			defaultConfigurationName = Release;
		};
/* End XCConfigurationList section */
	};
	rootObject = B553ABE62C86FF360069C7CB /* Project object */;
}
