// !$*UTF8*$!
{
	archiveVersion = 1;
	classes = {
	};
	objectVersion = 56;
	objects = {

/* Begin PBXBuildFile section */
		B553ABF22C86FF360069C7CB /* RickAndMortyAppApp.swift in Sources */ = {isa = PBXBuildFile; fileRef = B553ABF12C86FF360069C7CB /* RickAndMortyAppApp.swift */; };
		B553ABF42C86FF360069C7CB /* ContentView.swift in Sources */ = {isa = PBXBuildFile; fileRef = B553ABF32C86FF360069C7CB /* ContentView.swift */; };
		B553ABF62C86FF370069C7CB /* Assets.xcassets in Resources */ = {isa = PBXBuildFile; fileRef = B553ABF52C86FF370069C7CB /* Assets.xcassets */; };
		B553ABFA2C86FF370069C7CB /* Preview Assets.xcassets in Resources */ = {isa = PBXBuildFile; fileRef = B553ABF92C86FF370069C7CB /* Preview Assets.xcassets */; };
		B553AC042C86FF380069C7CB /* RickAndMortyAppTests.swift in Sources */ = {isa = PBXBuildFile; fileRef = B553AC032C86FF380069C7CB /* RickAndMortyAppTests.swift */; };
		B553AC0E2C86FF380069C7CB /* RickAndMortyAppUITests.swift in Sources */ = {isa = PBXBuildFile; fileRef = B553AC0D2C86FF380069C7CB /* RickAndMortyAppUITests.swift */; };
		B553AC102C86FF380069C7CB /* RickAndMortyAppUITestsLaunchTests.swift in Sources */ = {isa = PBXBuildFile; fileRef = B553AC0F2C86FF380069C7CB /* RickAndMortyAppUITestsLaunchTests.swift */; };
		B553AC1F2C8703270069C7CB /* Endpoint.swift in Sources */ = {isa = PBXBuildFile; fileRef = B553AC1E2C8703270069C7CB /* Endpoint.swift */; };
		B553AC212C8703300069C7CB /* HttpClient.swift in Sources */ = {isa = PBXBuildFile; fileRef = B553AC202C8703300069C7CB /* HttpClient.swift */; };
		B553AC232C87033B0069C7CB /* RequestError.swift in Sources */ = {isa = PBXBuildFile; fileRef = B553AC222C87033B0069C7CB /* RequestError.swift */; };
		B553AC282C8706EF0069C7CB /* SerieCharactersRequestDTO.swift in Sources */ = {isa = PBXBuildFile; fileRef = B553AC272C8706EF0069C7CB /* SerieCharactersRequestDTO.swift */; };
		B553AC2A2C8707A30069C7CB /* RickAndMortyEndpoint.swift in Sources */ = {isa = PBXBuildFile; fileRef = B553AC292C8707A30069C7CB /* RickAndMortyEndpoint.swift */; };
		B553AC2F2C870D660069C7CB /* SerieCharactersResponseDTO.swift in Sources */ = {isa = PBXBuildFile; fileRef = B553AC2E2C870D660069C7CB /* SerieCharactersResponseDTO.swift */; };
		B553AC312C870DF70069C7CB /* SerieCharacterOriginDTO.swift in Sources */ = {isa = PBXBuildFile; fileRef = B553AC302C870DF70069C7CB /* SerieCharacterOriginDTO.swift */; };
		B553AC332C870E060069C7CB /* SerieCharacterDTO.swift in Sources */ = {isa = PBXBuildFile; fileRef = B553AC322C870E060069C7CB /* SerieCharacterDTO.swift */; };
		B553AC362C870F710069C7CB /* CharactersRemoteDatasource.swift in Sources */ = {isa = PBXBuildFile; fileRef = B553AC352C870F710069C7CB /* CharactersRemoteDatasource.swift */; };
		B553AC3A2C8710DC0069C7CB /* SerieCharacter.swift in Sources */ = {isa = PBXBuildFile; fileRef = B553AC392C8710DC0069C7CB /* SerieCharacter.swift */; };
		B553AC3C2C8711440069C7CB /* SerieCharacterOrigin.swift in Sources */ = {isa = PBXBuildFile; fileRef = B553AC3B2C8711440069C7CB /* SerieCharacterOrigin.swift */; };
		B553AC3F2C87129C0069C7CB /* CharactersRepository.swift in Sources */ = {isa = PBXBuildFile; fileRef = B553AC3E2C87129C0069C7CB /* CharactersRepository.swift */; };
		B553AC422C87144B0069C7CB /* DefaultCharactersRepository.swift in Sources */ = {isa = PBXBuildFile; fileRef = B553AC412C87144B0069C7CB /* DefaultCharactersRepository.swift */; };
		B553AC462C8715B90069C7CB /* FetchCharacters.swift in Sources */ = {isa = PBXBuildFile; fileRef = B553AC452C8715B90069C7CB /* FetchCharacters.swift */; };
		B57143012C882F9C001CDFEC /* Roboto-Black.ttf in Resources */ = {isa = PBXBuildFile; fileRef = B57142FC2C882F21001CDFEC /* Roboto-Black.ttf */; };
		B57143022C882F9F001CDFEC /* Roboto-BlackItalic.ttf in Resources */ = {isa = PBXBuildFile; fileRef = B57142F52C882F21001CDFEC /* Roboto-BlackItalic.ttf */; };
		B57143032C882FA1001CDFEC /* Roboto-Bold.ttf in Resources */ = {isa = PBXBuildFile; fileRef = B57142FF2C882F21001CDFEC /* Roboto-Bold.ttf */; };
		B57143042C882FA4001CDFEC /* Roboto-BoldItalic.ttf in Resources */ = {isa = PBXBuildFile; fileRef = B57142FD2C882F21001CDFEC /* Roboto-BoldItalic.ttf */; };
		B57143052C882FA6001CDFEC /* Roboto-Italic.ttf in Resources */ = {isa = PBXBuildFile; fileRef = B57142FB2C882F21001CDFEC /* Roboto-Italic.ttf */; };
		B57143062C882FA9001CDFEC /* Roboto-LightItalic.ttf in Resources */ = {isa = PBXBuildFile; fileRef = B57142F82C882F21001CDFEC /* Roboto-LightItalic.ttf */; };
		B57143072C882FAB001CDFEC /* Roboto-Light.ttf in Resources */ = {isa = PBXBuildFile; fileRef = B57142FE2C882F21001CDFEC /* Roboto-Light.ttf */; };
		B57143082C882FAF001CDFEC /* Roboto-Medium.ttf in Resources */ = {isa = PBXBuildFile; fileRef = B57142F42C882F21001CDFEC /* Roboto-Medium.ttf */; };
		B57143092C882FB1001CDFEC /* Roboto-MediumItalic.ttf in Resources */ = {isa = PBXBuildFile; fileRef = B57142FA2C882F21001CDFEC /* Roboto-MediumItalic.ttf */; };
		B571430A2C882FB4001CDFEC /* Roboto-Regular.ttf in Resources */ = {isa = PBXBuildFile; fileRef = B57142F72C882F21001CDFEC /* Roboto-Regular.ttf */; };
		B571430B2C882FB6001CDFEC /* Roboto-Thin.ttf in Resources */ = {isa = PBXBuildFile; fileRef = B57142F62C882F21001CDFEC /* Roboto-Thin.ttf */; };
		B571430C2C882FB9001CDFEC /* Roboto-ThinItalic.ttf in Resources */ = {isa = PBXBuildFile; fileRef = B57142F92C882F21001CDFEC /* Roboto-ThinItalic.ttf */; };
		B571430E2C883032001CDFEC /* Fonts.swift in Sources */ = {isa = PBXBuildFile; fileRef = B571430D2C883032001CDFEC /* Fonts.swift */; };
		B57143102C88309A001CDFEC /* AppFont.swift in Sources */ = {isa = PBXBuildFile; fileRef = B571430F2C88309A001CDFEC /* AppFont.swift */; };
		B57143142C883124001CDFEC /* CharactersListView.swift in Sources */ = {isa = PBXBuildFile; fileRef = B57143132C883124001CDFEC /* CharactersListView.swift */; };
		B57143162C88312C001CDFEC /* CharactersListViewModel.swift in Sources */ = {isa = PBXBuildFile; fileRef = B57143152C88312C001CDFEC /* CharactersListViewModel.swift */; };
		B571431A2C883653001CDFEC /* Swinject in Frameworks */ = {isa = PBXBuildFile; productRef = B57143192C883653001CDFEC /* Swinject */; };
		B571431E2C883692001CDFEC /* DIContainer.swift in Sources */ = {isa = PBXBuildFile; fileRef = B571431D2C883692001CDFEC /* DIContainer.swift */; };
		B57143212C8836B7001CDFEC /* DatasourcesAssembly.swift in Sources */ = {isa = PBXBuildFile; fileRef = B57143202C8836B7001CDFEC /* DatasourcesAssembly.swift */; };
		B57143232C883706001CDFEC /* RepositoriesAssembly.swift in Sources */ = {isa = PBXBuildFile; fileRef = B57143222C883706001CDFEC /* RepositoriesAssembly.swift */; };
		B57143252C883792001CDFEC /* UseCasesAssembly.swift in Sources */ = {isa = PBXBuildFile; fileRef = B57143242C883792001CDFEC /* UseCasesAssembly.swift */; };
		B57143272C883B1D001CDFEC /* ViewModelsAssembly.swift in Sources */ = {isa = PBXBuildFile; fileRef = B57143262C883B1D001CDFEC /* ViewModelsAssembly.swift */; };
		B57143292C883B57001CDFEC /* ViewsAssembly.swift in Sources */ = {isa = PBXBuildFile; fileRef = B57143282C883B57001CDFEC /* ViewsAssembly.swift */; };
		B571432E2C884350001CDFEC /* CharactersListRowView.swift in Sources */ = {isa = PBXBuildFile; fileRef = B571432D2C884350001CDFEC /* CharactersListRowView.swift */; };
		B57143302C884739001CDFEC /* SerieCharacterGender.swift in Sources */ = {isa = PBXBuildFile; fileRef = B571432F2C884739001CDFEC /* SerieCharacterGender.swift */; };
		B57143352C88500F001CDFEC /* CharacterDetailsView.swift in Sources */ = {isa = PBXBuildFile; fileRef = B57143342C88500F001CDFEC /* CharacterDetailsView.swift */; };
		B57143372C885016001CDFEC /* CharacterDetailsViewModel.swift in Sources */ = {isa = PBXBuildFile; fileRef = B57143362C885016001CDFEC /* CharacterDetailsViewModel.swift */; };
		B59C27DB2C8724E500D2D01A /* UserDefaultsManager.swift in Sources */ = {isa = PBXBuildFile; fileRef = B59C27DA2C8724E500D2D01A /* UserDefaultsManager.swift */; };
		B59C27DD2C8724FF00D2D01A /* UserDefaultsKey.swift in Sources */ = {isa = PBXBuildFile; fileRef = B59C27DC2C8724FF00D2D01A /* UserDefaultsKey.swift */; };
		B59C27E12C87292600D2D01A /* CharactersRequestFilter.swift in Sources */ = {isa = PBXBuildFile; fileRef = B59C27E02C87292600D2D01A /* CharactersRequestFilter.swift */; };
		B59C27E82C87347100D2D01A /* FavoritesCharactersLocalDatasource.swift in Sources */ = {isa = PBXBuildFile; fileRef = B59C27E72C87347100D2D01A /* FavoritesCharactersLocalDatasource.swift */; };
		B59C27EC2C8741E300D2D01A /* UserDefaultsError.swift in Sources */ = {isa = PBXBuildFile; fileRef = B59C27EB2C8741E300D2D01A /* UserDefaultsError.swift */; };
		B59C27EE2C876FD000D2D01A /* FavoritesCharactersRepository .swift in Sources */ = {isa = PBXBuildFile; fileRef = B59C27ED2C876FD000D2D01A /* FavoritesCharactersRepository .swift */; };
		B59C27F02C87701400D2D01A /* DefaultFavoritesCharactersRepository.swift in Sources */ = {isa = PBXBuildFile; fileRef = B59C27EF2C87701400D2D01A /* DefaultFavoritesCharactersRepository.swift */; };
		B59C27F22C87808900D2D01A /* AppError.swift in Sources */ = {isa = PBXBuildFile; fileRef = B59C27F12C87808900D2D01A /* AppError.swift */; };
		B59C27F52C8780B200D2D01A /* AppErrorMapper.swift in Sources */ = {isa = PBXBuildFile; fileRef = B59C27F42C8780B200D2D01A /* AppErrorMapper.swift */; };
		B5C6D5C02C8828DC0065AFEA /* AppCoordinator.swift in Sources */ = {isa = PBXBuildFile; fileRef = B5C6D5BF2C8828DC0065AFEA /* AppCoordinator.swift */; };
		B5C6D5C22C8829230065AFEA /* AppCoordinatorView.swift in Sources */ = {isa = PBXBuildFile; fileRef = B5C6D5C12C8829230065AFEA /* AppCoordinatorView.swift */; };
		B5C6D5C52C8829C10065AFEA /* Colors.swift in Sources */ = {isa = PBXBuildFile; fileRef = B5C6D5C42C8829C10065AFEA /* Colors.swift */; };
/* End PBXBuildFile section */

/* Begin PBXContainerItemProxy section */
		B553AC002C86FF380069C7CB /* PBXContainerItemProxy */ = {
			isa = PBXContainerItemProxy;
			containerPortal = B553ABE62C86FF360069C7CB /* Project object */;
			proxyType = 1;
			remoteGlobalIDString = B553ABED2C86FF360069C7CB;
			remoteInfo = RickAndMortyApp;
		};
		B553AC0A2C86FF380069C7CB /* PBXContainerItemProxy */ = {
			isa = PBXContainerItemProxy;
			containerPortal = B553ABE62C86FF360069C7CB /* Project object */;
			proxyType = 1;
			remoteGlobalIDString = B553ABED2C86FF360069C7CB;
			remoteInfo = RickAndMortyApp;
		};
/* End PBXContainerItemProxy section */

/* Begin PBXFileReference section */
		B553ABEE2C86FF360069C7CB /* RickAndMortyApp.app */ = {isa = PBXFileReference; explicitFileType = wrapper.application; includeInIndex = 0; path = RickAndMortyApp.app; sourceTree = BUILT_PRODUCTS_DIR; };
		B553ABF12C86FF360069C7CB /* RickAndMortyAppApp.swift */ = {isa = PBXFileReference; lastKnownFileType = sourcecode.swift; path = RickAndMortyAppApp.swift; sourceTree = "<group>"; };
		B553ABF32C86FF360069C7CB /* ContentView.swift */ = {isa = PBXFileReference; lastKnownFileType = sourcecode.swift; path = ContentView.swift; sourceTree = "<group>"; };
		B553ABF52C86FF370069C7CB /* Assets.xcassets */ = {isa = PBXFileReference; lastKnownFileType = folder.assetcatalog; path = Assets.xcassets; sourceTree = "<group>"; };
		B553ABF72C86FF370069C7CB /* RickAndMortyApp.entitlements */ = {isa = PBXFileReference; lastKnownFileType = text.plist.entitlements; path = RickAndMortyApp.entitlements; sourceTree = "<group>"; };
		B553ABF92C86FF370069C7CB /* Preview Assets.xcassets */ = {isa = PBXFileReference; lastKnownFileType = folder.assetcatalog; path = "Preview Assets.xcassets"; sourceTree = "<group>"; };
		B553ABFF2C86FF380069C7CB /* RickAndMortyAppTests.xctest */ = {isa = PBXFileReference; explicitFileType = wrapper.cfbundle; includeInIndex = 0; path = RickAndMortyAppTests.xctest; sourceTree = BUILT_PRODUCTS_DIR; };
		B553AC032C86FF380069C7CB /* RickAndMortyAppTests.swift */ = {isa = PBXFileReference; lastKnownFileType = sourcecode.swift; path = RickAndMortyAppTests.swift; sourceTree = "<group>"; };
		B553AC092C86FF380069C7CB /* RickAndMortyAppUITests.xctest */ = {isa = PBXFileReference; explicitFileType = wrapper.cfbundle; includeInIndex = 0; path = RickAndMortyAppUITests.xctest; sourceTree = BUILT_PRODUCTS_DIR; };
		B553AC0D2C86FF380069C7CB /* RickAndMortyAppUITests.swift */ = {isa = PBXFileReference; lastKnownFileType = sourcecode.swift; path = RickAndMortyAppUITests.swift; sourceTree = "<group>"; };
		B553AC0F2C86FF380069C7CB /* RickAndMortyAppUITestsLaunchTests.swift */ = {isa = PBXFileReference; lastKnownFileType = sourcecode.swift; path = RickAndMortyAppUITestsLaunchTests.swift; sourceTree = "<group>"; };
		B553AC1E2C8703270069C7CB /* Endpoint.swift */ = {isa = PBXFileReference; lastKnownFileType = sourcecode.swift; path = Endpoint.swift; sourceTree = "<group>"; };
		B553AC202C8703300069C7CB /* HttpClient.swift */ = {isa = PBXFileReference; lastKnownFileType = sourcecode.swift; path = HttpClient.swift; sourceTree = "<group>"; };
		B553AC222C87033B0069C7CB /* RequestError.swift */ = {isa = PBXFileReference; lastKnownFileType = sourcecode.swift; path = RequestError.swift; sourceTree = "<group>"; };
		B553AC272C8706EF0069C7CB /* SerieCharactersRequestDTO.swift */ = {isa = PBXFileReference; lastKnownFileType = sourcecode.swift; path = SerieCharactersRequestDTO.swift; sourceTree = "<group>"; };
		B553AC292C8707A30069C7CB /* RickAndMortyEndpoint.swift */ = {isa = PBXFileReference; lastKnownFileType = sourcecode.swift; path = RickAndMortyEndpoint.swift; sourceTree = "<group>"; };
		B553AC2E2C870D660069C7CB /* SerieCharactersResponseDTO.swift */ = {isa = PBXFileReference; lastKnownFileType = sourcecode.swift; path = SerieCharactersResponseDTO.swift; sourceTree = "<group>"; };
		B553AC302C870DF70069C7CB /* SerieCharacterOriginDTO.swift */ = {isa = PBXFileReference; lastKnownFileType = sourcecode.swift; path = SerieCharacterOriginDTO.swift; sourceTree = "<group>"; };
		B553AC322C870E060069C7CB /* SerieCharacterDTO.swift */ = {isa = PBXFileReference; lastKnownFileType = sourcecode.swift; path = SerieCharacterDTO.swift; sourceTree = "<group>"; };
		B553AC352C870F710069C7CB /* CharactersRemoteDatasource.swift */ = {isa = PBXFileReference; lastKnownFileType = sourcecode.swift; path = CharactersRemoteDatasource.swift; sourceTree = "<group>"; };
		B553AC392C8710DC0069C7CB /* SerieCharacter.swift */ = {isa = PBXFileReference; lastKnownFileType = sourcecode.swift; path = SerieCharacter.swift; sourceTree = "<group>"; };
		B553AC3B2C8711440069C7CB /* SerieCharacterOrigin.swift */ = {isa = PBXFileReference; lastKnownFileType = sourcecode.swift; path = SerieCharacterOrigin.swift; sourceTree = "<group>"; };
		B553AC3E2C87129C0069C7CB /* CharactersRepository.swift */ = {isa = PBXFileReference; lastKnownFileType = sourcecode.swift; path = CharactersRepository.swift; sourceTree = "<group>"; };
		B553AC412C87144B0069C7CB /* DefaultCharactersRepository.swift */ = {isa = PBXFileReference; lastKnownFileType = sourcecode.swift; path = DefaultCharactersRepository.swift; sourceTree = "<group>"; };
		B553AC452C8715B90069C7CB /* FetchCharacters.swift */ = {isa = PBXFileReference; lastKnownFileType = sourcecode.swift; path = FetchCharacters.swift; sourceTree = "<group>"; };
		B57142F42C882F21001CDFEC /* Roboto-Medium.ttf */ = {isa = PBXFileReference; lastKnownFileType = file; path = "Roboto-Medium.ttf"; sourceTree = "<group>"; };
		B57142F52C882F21001CDFEC /* Roboto-BlackItalic.ttf */ = {isa = PBXFileReference; lastKnownFileType = file; path = "Roboto-BlackItalic.ttf"; sourceTree = "<group>"; };
		B57142F62C882F21001CDFEC /* Roboto-Thin.ttf */ = {isa = PBXFileReference; lastKnownFileType = file; path = "Roboto-Thin.ttf"; sourceTree = "<group>"; };
		B57142F72C882F21001CDFEC /* Roboto-Regular.ttf */ = {isa = PBXFileReference; lastKnownFileType = file; path = "Roboto-Regular.ttf"; sourceTree = "<group>"; };
		B57142F82C882F21001CDFEC /* Roboto-LightItalic.ttf */ = {isa = PBXFileReference; lastKnownFileType = file; path = "Roboto-LightItalic.ttf"; sourceTree = "<group>"; };
		B57142F92C882F21001CDFEC /* Roboto-ThinItalic.ttf */ = {isa = PBXFileReference; lastKnownFileType = file; path = "Roboto-ThinItalic.ttf"; sourceTree = "<group>"; };
		B57142FA2C882F21001CDFEC /* Roboto-MediumItalic.ttf */ = {isa = PBXFileReference; lastKnownFileType = file; path = "Roboto-MediumItalic.ttf"; sourceTree = "<group>"; };
		B57142FB2C882F21001CDFEC /* Roboto-Italic.ttf */ = {isa = PBXFileReference; lastKnownFileType = file; path = "Roboto-Italic.ttf"; sourceTree = "<group>"; };
		B57142FC2C882F21001CDFEC /* Roboto-Black.ttf */ = {isa = PBXFileReference; lastKnownFileType = file; path = "Roboto-Black.ttf"; sourceTree = "<group>"; };
		B57142FD2C882F21001CDFEC /* Roboto-BoldItalic.ttf */ = {isa = PBXFileReference; lastKnownFileType = file; path = "Roboto-BoldItalic.ttf"; sourceTree = "<group>"; };
		B57142FE2C882F21001CDFEC /* Roboto-Light.ttf */ = {isa = PBXFileReference; lastKnownFileType = file; path = "Roboto-Light.ttf"; sourceTree = "<group>"; };
		B57142FF2C882F21001CDFEC /* Roboto-Bold.ttf */ = {isa = PBXFileReference; lastKnownFileType = file; path = "Roboto-Bold.ttf"; sourceTree = "<group>"; };
		B57143002C882F52001CDFEC /* Info.plist */ = {isa = PBXFileReference; lastKnownFileType = text.plist; path = Info.plist; sourceTree = "<group>"; };
		B571430D2C883032001CDFEC /* Fonts.swift */ = {isa = PBXFileReference; lastKnownFileType = sourcecode.swift; path = Fonts.swift; sourceTree = "<group>"; };
		B571430F2C88309A001CDFEC /* AppFont.swift */ = {isa = PBXFileReference; lastKnownFileType = sourcecode.swift; path = AppFont.swift; sourceTree = "<group>"; };
		B57143132C883124001CDFEC /* CharactersListView.swift */ = {isa = PBXFileReference; lastKnownFileType = sourcecode.swift; path = CharactersListView.swift; sourceTree = "<group>"; };
		B57143152C88312C001CDFEC /* CharactersListViewModel.swift */ = {isa = PBXFileReference; lastKnownFileType = sourcecode.swift; path = CharactersListViewModel.swift; sourceTree = "<group>"; };
		B571431D2C883692001CDFEC /* DIContainer.swift */ = {isa = PBXFileReference; lastKnownFileType = sourcecode.swift; path = DIContainer.swift; sourceTree = "<group>"; };
		B57143202C8836B7001CDFEC /* DatasourcesAssembly.swift */ = {isa = PBXFileReference; lastKnownFileType = sourcecode.swift; path = DatasourcesAssembly.swift; sourceTree = "<group>"; };
		B57143222C883706001CDFEC /* RepositoriesAssembly.swift */ = {isa = PBXFileReference; lastKnownFileType = sourcecode.swift; path = RepositoriesAssembly.swift; sourceTree = "<group>"; };
		B57143242C883792001CDFEC /* UseCasesAssembly.swift */ = {isa = PBXFileReference; lastKnownFileType = sourcecode.swift; path = UseCasesAssembly.swift; sourceTree = "<group>"; };
		B57143262C883B1D001CDFEC /* ViewModelsAssembly.swift */ = {isa = PBXFileReference; lastKnownFileType = sourcecode.swift; path = ViewModelsAssembly.swift; sourceTree = "<group>"; };
		B57143282C883B57001CDFEC /* ViewsAssembly.swift */ = {isa = PBXFileReference; lastKnownFileType = sourcecode.swift; path = ViewsAssembly.swift; sourceTree = "<group>"; };
		B571432D2C884350001CDFEC /* CharactersListRowView.swift */ = {isa = PBXFileReference; lastKnownFileType = sourcecode.swift; path = CharactersListRowView.swift; sourceTree = "<group>"; };
		B571432F2C884739001CDFEC /* SerieCharacterGender.swift */ = {isa = PBXFileReference; lastKnownFileType = sourcecode.swift; path = SerieCharacterGender.swift; sourceTree = "<group>"; };
		B57143342C88500F001CDFEC /* CharacterDetailsView.swift */ = {isa = PBXFileReference; lastKnownFileType = sourcecode.swift; path = CharacterDetailsView.swift; sourceTree = "<group>"; };
		B57143362C885016001CDFEC /* CharacterDetailsViewModel.swift */ = {isa = PBXFileReference; lastKnownFileType = sourcecode.swift; path = CharacterDetailsViewModel.swift; sourceTree = "<group>"; };
		B59C27DA2C8724E500D2D01A /* UserDefaultsManager.swift */ = {isa = PBXFileReference; lastKnownFileType = sourcecode.swift; path = UserDefaultsManager.swift; sourceTree = "<group>"; };
		B59C27DC2C8724FF00D2D01A /* UserDefaultsKey.swift */ = {isa = PBXFileReference; lastKnownFileType = sourcecode.swift; path = UserDefaultsKey.swift; sourceTree = "<group>"; };
		B59C27E02C87292600D2D01A /* CharactersRequestFilter.swift */ = {isa = PBXFileReference; lastKnownFileType = sourcecode.swift; path = CharactersRequestFilter.swift; sourceTree = "<group>"; };
		B59C27E72C87347100D2D01A /* FavoritesCharactersLocalDatasource.swift */ = {isa = PBXFileReference; lastKnownFileType = sourcecode.swift; path = FavoritesCharactersLocalDatasource.swift; sourceTree = "<group>"; };
		B59C27EB2C8741E300D2D01A /* UserDefaultsError.swift */ = {isa = PBXFileReference; lastKnownFileType = sourcecode.swift; path = UserDefaultsError.swift; sourceTree = "<group>"; };
		B59C27ED2C876FD000D2D01A /* FavoritesCharactersRepository .swift */ = {isa = PBXFileReference; lastKnownFileType = sourcecode.swift; path = "FavoritesCharactersRepository .swift"; sourceTree = "<group>"; };
		B59C27EF2C87701400D2D01A /* DefaultFavoritesCharactersRepository.swift */ = {isa = PBXFileReference; lastKnownFileType = sourcecode.swift; path = DefaultFavoritesCharactersRepository.swift; sourceTree = "<group>"; };
		B59C27F12C87808900D2D01A /* AppError.swift */ = {isa = PBXFileReference; lastKnownFileType = sourcecode.swift; path = AppError.swift; sourceTree = "<group>"; };
		B59C27F42C8780B200D2D01A /* AppErrorMapper.swift */ = {isa = PBXFileReference; lastKnownFileType = sourcecode.swift; path = AppErrorMapper.swift; sourceTree = "<group>"; };
		B5C6D5BF2C8828DC0065AFEA /* AppCoordinator.swift */ = {isa = PBXFileReference; lastKnownFileType = sourcecode.swift; path = AppCoordinator.swift; sourceTree = "<group>"; };
		B5C6D5C12C8829230065AFEA /* AppCoordinatorView.swift */ = {isa = PBXFileReference; lastKnownFileType = sourcecode.swift; path = AppCoordinatorView.swift; sourceTree = "<group>"; };
		B5C6D5C42C8829C10065AFEA /* Colors.swift */ = {isa = PBXFileReference; lastKnownFileType = sourcecode.swift; path = Colors.swift; sourceTree = "<group>"; };
/* End PBXFileReference section */

/* Begin PBXFrameworksBuildPhase section */
		B553ABEB2C86FF360069C7CB /* Frameworks */ = {
			isa = PBXFrameworksBuildPhase;
			buildActionMask = 2147483647;
			files = (
				B571431A2C883653001CDFEC /* Swinject in Frameworks */,
			);
			runOnlyForDeploymentPostprocessing = 0;
		};
		B553ABFC2C86FF380069C7CB /* Frameworks */ = {
			isa = PBXFrameworksBuildPhase;
			buildActionMask = 2147483647;
			files = (
			);
			runOnlyForDeploymentPostprocessing = 0;
		};
		B553AC062C86FF380069C7CB /* Frameworks */ = {
			isa = PBXFrameworksBuildPhase;
			buildActionMask = 2147483647;
			files = (
			);
			runOnlyForDeploymentPostprocessing = 0;
		};
/* End PBXFrameworksBuildPhase section */

/* Begin PBXGroup section */
		B553ABE52C86FF360069C7CB = {
			isa = PBXGroup;
			children = (
				B553ABF02C86FF360069C7CB /* RickAndMortyApp */,
				B553AC022C86FF380069C7CB /* RickAndMortyAppTests */,
				B553AC0C2C86FF380069C7CB /* RickAndMortyAppUITests */,
				B553ABEF2C86FF360069C7CB /* Products */,
			);
			sourceTree = "<group>";
		};
		B553ABEF2C86FF360069C7CB /* Products */ = {
			isa = PBXGroup;
			children = (
				B553ABEE2C86FF360069C7CB /* RickAndMortyApp.app */,
				B553ABFF2C86FF380069C7CB /* RickAndMortyAppTests.xctest */,
				B553AC092C86FF380069C7CB /* RickAndMortyAppUITests.xctest */,
			);
			name = Products;
			sourceTree = "<group>";
		};
		B553ABF02C86FF360069C7CB /* RickAndMortyApp */ = {
			isa = PBXGroup;
			children = (
				B553ABF72C86FF370069C7CB /* RickAndMortyApp.entitlements */,
				B57143002C882F52001CDFEC /* Info.plist */,
				B553ABF32C86FF360069C7CB /* ContentView.swift */,
				B553ABF12C86FF360069C7CB /* RickAndMortyAppApp.swift */,
				B553ABF52C86FF370069C7CB /* Assets.xcassets */,
				B571431B2C883683001CDFEC /* App */,
				B553AC242C8706B20069C7CB /* Data */,
				B553AC372C8710CC0069C7CB /* Domain */,
				B553AC1C2C87029A0069C7CB /* Infrastructure */,
				B5C6D5BD2C8828BC0065AFEA /* Presentation */,
				B553ABF82C86FF370069C7CB /* Preview Content */,
			);
			path = RickAndMortyApp;
			sourceTree = "<group>";
		};
		B553ABF82C86FF370069C7CB /* Preview Content */ = {
			isa = PBXGroup;
			children = (
				B553ABF92C86FF370069C7CB /* Preview Assets.xcassets */,
			);
			path = "Preview Content";
			sourceTree = "<group>";
		};
		B553AC022C86FF380069C7CB /* RickAndMortyAppTests */ = {
			isa = PBXGroup;
			children = (
				B553AC032C86FF380069C7CB /* RickAndMortyAppTests.swift */,
			);
			path = RickAndMortyAppTests;
			sourceTree = "<group>";
		};
		B553AC0C2C86FF380069C7CB /* RickAndMortyAppUITests */ = {
			isa = PBXGroup;
			children = (
				B553AC0D2C86FF380069C7CB /* RickAndMortyAppUITests.swift */,
				B553AC0F2C86FF380069C7CB /* RickAndMortyAppUITestsLaunchTests.swift */,
			);
			path = RickAndMortyAppUITests;
			sourceTree = "<group>";
		};
		B553AC1C2C87029A0069C7CB /* Infrastructure */ = {
			isa = PBXGroup;
			children = (
				B553AC1D2C8702A20069C7CB /* Network */,
				B59C27D92C8724CB00D2D01A /* Persistence */,
			);
			path = Infrastructure;
			sourceTree = "<group>";
		};
		B553AC1D2C8702A20069C7CB /* Network */ = {
			isa = PBXGroup;
			children = (
				B553AC1E2C8703270069C7CB /* Endpoint.swift */,
				B553AC202C8703300069C7CB /* HttpClient.swift */,
				B553AC222C87033B0069C7CB /* RequestError.swift */,
			);
			path = Network;
			sourceTree = "<group>";
		};
		B553AC242C8706B20069C7CB /* Data */ = {
			isa = PBXGroup;
			children = (
				B59C27F32C8780A400D2D01A /* Mappers */,
				B553AC252C8706B90069C7CB /* Network */,
				B59C27E62C87344600D2D01A /* Persistence */,
				B553AC402C87143C0069C7CB /* Repositories */,
			);
			path = Data;
			sourceTree = "<group>";
		};
		B553AC252C8706B90069C7CB /* Network */ = {
			isa = PBXGroup;
			children = (
				B553AC292C8707A30069C7CB /* RickAndMortyEndpoint.swift */,
				B553AC342C870F5C0069C7CB /* Datasources */,
				B553AC262C8706DF0069C7CB /* DTOs */,
			);
			path = Network;
			sourceTree = "<group>";
		};
		B553AC262C8706DF0069C7CB /* DTOs */ = {
			isa = PBXGroup;
			children = (
				B553AC322C870E060069C7CB /* SerieCharacterDTO.swift */,
				B553AC302C870DF70069C7CB /* SerieCharacterOriginDTO.swift */,
				B553AC272C8706EF0069C7CB /* SerieCharactersRequestDTO.swift */,
				B553AC2E2C870D660069C7CB /* SerieCharactersResponseDTO.swift */,
			);
			path = DTOs;
			sourceTree = "<group>";
		};
		B553AC342C870F5C0069C7CB /* Datasources */ = {
			isa = PBXGroup;
			children = (
				B553AC352C870F710069C7CB /* CharactersRemoteDatasource.swift */,
			);
			path = Datasources;
			sourceTree = "<group>";
		};
		B553AC372C8710CC0069C7CB /* Domain */ = {
			isa = PBXGroup;
			children = (
				B553AC382C8710D40069C7CB /* Entities */,
				B553AC3D2C8712890069C7CB /* Repositories */,
				B553AC432C8715A30069C7CB /* UseCases */,
			);
			path = Domain;
			sourceTree = "<group>";
		};
		B553AC382C8710D40069C7CB /* Entities */ = {
			isa = PBXGroup;
			children = (
				B59C27F12C87808900D2D01A /* AppError.swift */,
				B59C27E02C87292600D2D01A /* CharactersRequestFilter.swift */,
				B553AC392C8710DC0069C7CB /* SerieCharacter.swift */,
				B571432F2C884739001CDFEC /* SerieCharacterGender.swift */,
				B553AC3B2C8711440069C7CB /* SerieCharacterOrigin.swift */,
			);
			path = Entities;
			sourceTree = "<group>";
		};
		B553AC3D2C8712890069C7CB /* Repositories */ = {
			isa = PBXGroup;
			children = (
				B553AC3E2C87129C0069C7CB /* CharactersRepository.swift */,
				B59C27ED2C876FD000D2D01A /* FavoritesCharactersRepository .swift */,
			);
			path = Repositories;
			sourceTree = "<group>";
		};
		B553AC402C87143C0069C7CB /* Repositories */ = {
			isa = PBXGroup;
			children = (
				B553AC412C87144B0069C7CB /* DefaultCharactersRepository.swift */,
				B59C27EF2C87701400D2D01A /* DefaultFavoritesCharactersRepository.swift */,
			);
			path = Repositories;
			sourceTree = "<group>";
		};
		B553AC432C8715A30069C7CB /* UseCases */ = {
			isa = PBXGroup;
			children = (
				B553AC442C8715AB0069C7CB /* RickAndMorty */,
			);
			path = UseCases;
			sourceTree = "<group>";
		};
		B553AC442C8715AB0069C7CB /* RickAndMorty */ = {
			isa = PBXGroup;
			children = (
				B553AC452C8715B90069C7CB /* FetchCharacters.swift */,
			);
			path = RickAndMorty;
			sourceTree = "<group>";
		};
		B57142F32C882F07001CDFEC /* Fonts */ = {
			isa = PBXGroup;
			children = (
				B57142FC2C882F21001CDFEC /* Roboto-Black.ttf */,
				B57142F52C882F21001CDFEC /* Roboto-BlackItalic.ttf */,
				B57142FF2C882F21001CDFEC /* Roboto-Bold.ttf */,
				B57142FD2C882F21001CDFEC /* Roboto-BoldItalic.ttf */,
				B57142FB2C882F21001CDFEC /* Roboto-Italic.ttf */,
				B57142FE2C882F21001CDFEC /* Roboto-Light.ttf */,
				B57142F82C882F21001CDFEC /* Roboto-LightItalic.ttf */,
				B57142F42C882F21001CDFEC /* Roboto-Medium.ttf */,
				B57142FA2C882F21001CDFEC /* Roboto-MediumItalic.ttf */,
				B57142F72C882F21001CDFEC /* Roboto-Regular.ttf */,
				B57142F62C882F21001CDFEC /* Roboto-Thin.ttf */,
				B57142F92C882F21001CDFEC /* Roboto-ThinItalic.ttf */,
			);
			path = Fonts;
			sourceTree = "<group>";
		};
		B57143112C88310E001CDFEC /* Screens */ = {
			isa = PBXGroup;
			children = (
				B57143332C884FFB001CDFEC /* Details */,
				B57143122C883115001CDFEC /* List */,
			);
			path = Screens;
			sourceTree = "<group>";
		};
		B57143122C883115001CDFEC /* List */ = {
			isa = PBXGroup;
			children = (
				B57143132C883124001CDFEC /* CharactersListView.swift */,
				B57143152C88312C001CDFEC /* CharactersListViewModel.swift */,
			);
			path = List;
			sourceTree = "<group>";
		};
		B571431B2C883683001CDFEC /* App */ = {
			isa = PBXGroup;
			children = (
				B571431C2C883689001CDFEC /* DI */,
			);
			path = App;
			sourceTree = "<group>";
		};
		B571431C2C883689001CDFEC /* DI */ = {
			isa = PBXGroup;
			children = (
				B571431D2C883692001CDFEC /* DIContainer.swift */,
				B571431F2C8836AC001CDFEC /* Assemblers */,
			);
			path = DI;
			sourceTree = "<group>";
		};
		B571431F2C8836AC001CDFEC /* Assemblers */ = {
			isa = PBXGroup;
			children = (
				B57143202C8836B7001CDFEC /* DatasourcesAssembly.swift */,
				B57143222C883706001CDFEC /* RepositoriesAssembly.swift */,
				B57143242C883792001CDFEC /* UseCasesAssembly.swift */,
				B57143262C883B1D001CDFEC /* ViewModelsAssembly.swift */,
				B57143282C883B57001CDFEC /* ViewsAssembly.swift */,
			);
			path = Assemblers;
			sourceTree = "<group>";
		};
		B571432C2C884345001CDFEC /* Components */ = {
			isa = PBXGroup;
			children = (
				B571432D2C884350001CDFEC /* CharactersListRowView.swift */,
			);
			path = Components;
			sourceTree = "<group>";
		};
		B57143332C884FFB001CDFEC /* Details */ = {
			isa = PBXGroup;
			children = (
				B57143342C88500F001CDFEC /* CharacterDetailsView.swift */,
				B57143362C885016001CDFEC /* CharacterDetailsViewModel.swift */,
			);
			path = Details;
			sourceTree = "<group>";
		};
		B59C27D92C8724CB00D2D01A /* Persistence */ = {
			isa = PBXGroup;
			children = (
				B59C27DC2C8724FF00D2D01A /* UserDefaultsKey.swift */,
				B59C27DA2C8724E500D2D01A /* UserDefaultsManager.swift */,
				B59C27EB2C8741E300D2D01A /* UserDefaultsError.swift */,
			);
			path = Persistence;
			sourceTree = "<group>";
		};
		B59C27E62C87344600D2D01A /* Persistence */ = {
			isa = PBXGroup;
			children = (
				B59C27E72C87347100D2D01A /* FavoritesCharactersLocalDatasource.swift */,
			);
			path = Persistence;
			sourceTree = "<group>";
		};
		B59C27F32C8780A400D2D01A /* Mappers */ = {
			isa = PBXGroup;
			children = (
				B59C27F42C8780B200D2D01A /* AppErrorMapper.swift */,
			);
			path = Mappers;
			sourceTree = "<group>";
		};
		B5C6D5BD2C8828BC0065AFEA /* Presentation */ = {
			isa = PBXGroup;
			children = (
				B571432C2C884345001CDFEC /* Components */,
				B5C6D5C32C8829A90065AFEA /* DesignSystem */,
				B5C6D5BE2C8828C40065AFEA /* Navigation */,
				B57143112C88310E001CDFEC /* Screens */,
			);
			path = Presentation;
			sourceTree = "<group>";
		};
		B5C6D5BE2C8828C40065AFEA /* Navigation */ = {
			isa = PBXGroup;
			children = (
				B5C6D5BF2C8828DC0065AFEA /* AppCoordinator.swift */,
				B5C6D5C12C8829230065AFEA /* AppCoordinatorView.swift */,
			);
			path = Navigation;
			sourceTree = "<group>";
		};
		B5C6D5C32C8829A90065AFEA /* DesignSystem */ = {
			isa = PBXGroup;
			children = (
				B571430F2C88309A001CDFEC /* AppFont.swift */,
				B5C6D5C42C8829C10065AFEA /* Colors.swift */,
				B571430D2C883032001CDFEC /* Fonts.swift */,
				B57142F32C882F07001CDFEC /* Fonts */,
			);
			path = DesignSystem;
			sourceTree = "<group>";
		};
/* End PBXGroup section */

/* Begin PBXNativeTarget section */
		B553ABED2C86FF360069C7CB /* RickAndMortyApp */ = {
			isa = PBXNativeTarget;
			buildConfigurationList = B553AC132C86FF380069C7CB /* Build configuration list for PBXNativeTarget "RickAndMortyApp" */;
			buildPhases = (
				B553ABEA2C86FF360069C7CB /* Sources */,
				B553ABEB2C86FF360069C7CB /* Frameworks */,
				B553ABEC2C86FF360069C7CB /* Resources */,
			);
			buildRules = (
			);
			dependencies = (
			);
			name = RickAndMortyApp;
			packageProductDependencies = (
				B57143192C883653001CDFEC /* Swinject */,
			);
			productName = RickAndMortyApp;
			productReference = B553ABEE2C86FF360069C7CB /* RickAndMortyApp.app */;
			productType = "com.apple.product-type.application";
		};
		B553ABFE2C86FF380069C7CB /* RickAndMortyAppTests */ = {
			isa = PBXNativeTarget;
			buildConfigurationList = B553AC162C86FF380069C7CB /* Build configuration list for PBXNativeTarget "RickAndMortyAppTests" */;
			buildPhases = (
				B553ABFB2C86FF380069C7CB /* Sources */,
				B553ABFC2C86FF380069C7CB /* Frameworks */,
				B553ABFD2C86FF380069C7CB /* Resources */,
			);
			buildRules = (
			);
			dependencies = (
				B553AC012C86FF380069C7CB /* PBXTargetDependency */,
			);
			name = RickAndMortyAppTests;
			productName = RickAndMortyAppTests;
			productReference = B553ABFF2C86FF380069C7CB /* RickAndMortyAppTests.xctest */;
			productType = "com.apple.product-type.bundle.unit-test";
		};
		B553AC082C86FF380069C7CB /* RickAndMortyAppUITests */ = {
			isa = PBXNativeTarget;
			buildConfigurationList = B553AC192C86FF380069C7CB /* Build configuration list for PBXNativeTarget "RickAndMortyAppUITests" */;
			buildPhases = (
				B553AC052C86FF380069C7CB /* Sources */,
				B553AC062C86FF380069C7CB /* Frameworks */,
				B553AC072C86FF380069C7CB /* Resources */,
			);
			buildRules = (
			);
			dependencies = (
				B553AC0B2C86FF380069C7CB /* PBXTargetDependency */,
			);
			name = RickAndMortyAppUITests;
			productName = RickAndMortyAppUITests;
			productReference = B553AC092C86FF380069C7CB /* RickAndMortyAppUITests.xctest */;
			productType = "com.apple.product-type.bundle.ui-testing";
		};
/* End PBXNativeTarget section */

/* Begin PBXProject section */
		B553ABE62C86FF360069C7CB /* Project object */ = {
			isa = PBXProject;
			attributes = {
				BuildIndependentTargetsInParallel = 1;
				LastSwiftUpdateCheck = 1540;
				LastUpgradeCheck = 1540;
				TargetAttributes = {
					B553ABED2C86FF360069C7CB = {
						CreatedOnToolsVersion = 15.4;
					};
					B553ABFE2C86FF380069C7CB = {
						CreatedOnToolsVersion = 15.4;
						TestTargetID = B553ABED2C86FF360069C7CB;
					};
					B553AC082C86FF380069C7CB = {
						CreatedOnToolsVersion = 15.4;
						TestTargetID = B553ABED2C86FF360069C7CB;
					};
				};
			};
			buildConfigurationList = B553ABE92C86FF360069C7CB /* Build configuration list for PBXProject "RickAndMortyApp" */;
			compatibilityVersion = "Xcode 14.0";
			developmentRegion = en;
			hasScannedForEncodings = 0;
			knownRegions = (
				en,
				Base,
			);
			mainGroup = B553ABE52C86FF360069C7CB;
			packageReferences = (
				B57143182C883653001CDFEC /* XCRemoteSwiftPackageReference "Swinject" */,
			);
			productRefGroup = B553ABEF2C86FF360069C7CB /* Products */;
			projectDirPath = "";
			projectRoot = "";
			targets = (
				B553ABED2C86FF360069C7CB /* RickAndMortyApp */,
				B553ABFE2C86FF380069C7CB /* RickAndMortyAppTests */,
				B553AC082C86FF380069C7CB /* RickAndMortyAppUITests */,
			);
		};
/* End PBXProject section */

/* Begin PBXResourcesBuildPhase section */
		B553ABEC2C86FF360069C7CB /* Resources */ = {
			isa = PBXResourcesBuildPhase;
			buildActionMask = 2147483647;
			files = (
				B57143082C882FAF001CDFEC /* Roboto-Medium.ttf in Resources */,
				B57143042C882FA4001CDFEC /* Roboto-BoldItalic.ttf in Resources */,
				B553ABFA2C86FF370069C7CB /* Preview Assets.xcassets in Resources */,
				B57143062C882FA9001CDFEC /* Roboto-LightItalic.ttf in Resources */,
				B553ABF62C86FF370069C7CB /* Assets.xcassets in Resources */,
				B57143032C882FA1001CDFEC /* Roboto-Bold.ttf in Resources */,
				B571430A2C882FB4001CDFEC /* Roboto-Regular.ttf in Resources */,
				B57143052C882FA6001CDFEC /* Roboto-Italic.ttf in Resources */,
				B57143012C882F9C001CDFEC /* Roboto-Black.ttf in Resources */,
				B57143022C882F9F001CDFEC /* Roboto-BlackItalic.ttf in Resources */,
				B571430C2C882FB9001CDFEC /* Roboto-ThinItalic.ttf in Resources */,
				B57143092C882FB1001CDFEC /* Roboto-MediumItalic.ttf in Resources */,
				B571430B2C882FB6001CDFEC /* Roboto-Thin.ttf in Resources */,
				B57143072C882FAB001CDFEC /* Roboto-Light.ttf in Resources */,
			);
			runOnlyForDeploymentPostprocessing = 0;
		};
		B553ABFD2C86FF380069C7CB /* Resources */ = {
			isa = PBXResourcesBuildPhase;
			buildActionMask = 2147483647;
			files = (
			);
			runOnlyForDeploymentPostprocessing = 0;
		};
		B553AC072C86FF380069C7CB /* Resources */ = {
			isa = PBXResourcesBuildPhase;
			buildActionMask = 2147483647;
			files = (
			);
			runOnlyForDeploymentPostprocessing = 0;
		};
/* End PBXResourcesBuildPhase section */

/* Begin PBXSourcesBuildPhase section */
		B553ABEA2C86FF360069C7CB /* Sources */ = {
			isa = PBXSourcesBuildPhase;
			buildActionMask = 2147483647;
			files = (
				B571430E2C883032001CDFEC /* Fonts.swift in Sources */,
				B59C27DD2C8724FF00D2D01A /* UserDefaultsKey.swift in Sources */,
				B553AC362C870F710069C7CB /* CharactersRemoteDatasource.swift in Sources */,
				B5C6D5C02C8828DC0065AFEA /* AppCoordinator.swift in Sources */,
				B59C27F22C87808900D2D01A /* AppError.swift in Sources */,
				B57143292C883B57001CDFEC /* ViewsAssembly.swift in Sources */,
				B57143252C883792001CDFEC /* UseCasesAssembly.swift in Sources */,
				B57143212C8836B7001CDFEC /* DatasourcesAssembly.swift in Sources */,
				B59C27F02C87701400D2D01A /* DefaultFavoritesCharactersRepository.swift in Sources */,
				B57143352C88500F001CDFEC /* CharacterDetailsView.swift in Sources */,
				B553ABF42C86FF360069C7CB /* ContentView.swift in Sources */,
				B59C27E12C87292600D2D01A /* CharactersRequestFilter.swift in Sources */,
				B59C27EE2C876FD000D2D01A /* FavoritesCharactersRepository .swift in Sources */,
				B59C27DB2C8724E500D2D01A /* UserDefaultsManager.swift in Sources */,
				B57143272C883B1D001CDFEC /* ViewModelsAssembly.swift in Sources */,
				B553AC332C870E060069C7CB /* SerieCharacterDTO.swift in Sources */,
				B57143162C88312C001CDFEC /* CharactersListViewModel.swift in Sources */,
				B553AC3A2C8710DC0069C7CB /* SerieCharacter.swift in Sources */,
				B5C6D5C52C8829C10065AFEA /* Colors.swift in Sources */,
				B553AC2A2C8707A30069C7CB /* RickAndMortyEndpoint.swift in Sources */,
				B59C27EC2C8741E300D2D01A /* UserDefaultsError.swift in Sources */,
				B57143302C884739001CDFEC /* SerieCharacterGender.swift in Sources */,
				B553AC232C87033B0069C7CB /* RequestError.swift in Sources */,
				B57143372C885016001CDFEC /* CharacterDetailsViewModel.swift in Sources */,
				B553AC1F2C8703270069C7CB /* Endpoint.swift in Sources */,
				B553AC422C87144B0069C7CB /* DefaultCharactersRepository.swift in Sources */,
				B553AC312C870DF70069C7CB /* SerieCharacterOriginDTO.swift in Sources */,
				B59C27E82C87347100D2D01A /* FavoritesCharactersLocalDatasource.swift in Sources */,
				B553AC282C8706EF0069C7CB /* SerieCharactersRequestDTO.swift in Sources */,
				B571432E2C884350001CDFEC /* CharactersListRowView.swift in Sources */,
				B553AC462C8715B90069C7CB /* FetchCharacters.swift in Sources */,
				B553AC2F2C870D660069C7CB /* SerieCharactersResponseDTO.swift in Sources */,
				B571431E2C883692001CDFEC /* DIContainer.swift in Sources */,
				B57143102C88309A001CDFEC /* AppFont.swift in Sources */,
				B59C27F52C8780B200D2D01A /* AppErrorMapper.swift in Sources */,
				B553AC3F2C87129C0069C7CB /* CharactersRepository.swift in Sources */,
				B553AC212C8703300069C7CB /* HttpClient.swift in Sources */,
				B57143142C883124001CDFEC /* CharactersListView.swift in Sources */,
				B553AC3C2C8711440069C7CB /* SerieCharacterOrigin.swift in Sources */,
				B57143232C883706001CDFEC /* RepositoriesAssembly.swift in Sources */,
				B553ABF22C86FF360069C7CB /* RickAndMortyAppApp.swift in Sources */,
				B5C6D5C22C8829230065AFEA /* AppCoordinatorView.swift in Sources */,
			);
			runOnlyForDeploymentPostprocessing = 0;
		};
		B553ABFB2C86FF380069C7CB /* Sources */ = {
			isa = PBXSourcesBuildPhase;
			buildActionMask = 2147483647;
			files = (
				B553AC042C86FF380069C7CB /* RickAndMortyAppTests.swift in Sources */,
			);
			runOnlyForDeploymentPostprocessing = 0;
		};
		B553AC052C86FF380069C7CB /* Sources */ = {
			isa = PBXSourcesBuildPhase;
			buildActionMask = 2147483647;
			files = (
				B553AC0E2C86FF380069C7CB /* RickAndMortyAppUITests.swift in Sources */,
				B553AC102C86FF380069C7CB /* RickAndMortyAppUITestsLaunchTests.swift in Sources */,
			);
			runOnlyForDeploymentPostprocessing = 0;
		};
/* End PBXSourcesBuildPhase section */

/* Begin PBXTargetDependency section */
		B553AC012C86FF380069C7CB /* PBXTargetDependency */ = {
			isa = PBXTargetDependency;
			target = B553ABED2C86FF360069C7CB /* RickAndMortyApp */;
			targetProxy = B553AC002C86FF380069C7CB /* PBXContainerItemProxy */;
		};
		B553AC0B2C86FF380069C7CB /* PBXTargetDependency */ = {
			isa = PBXTargetDependency;
			target = B553ABED2C86FF360069C7CB /* RickAndMortyApp */;
			targetProxy = B553AC0A2C86FF380069C7CB /* PBXContainerItemProxy */;
		};
/* End PBXTargetDependency section */

/* Begin XCBuildConfiguration section */
		B553AC112C86FF380069C7CB /* Debug */ = {
			isa = XCBuildConfiguration;
			buildSettings = {
				ALWAYS_SEARCH_USER_PATHS = NO;
				ASSETCATALOG_COMPILER_GENERATE_SWIFT_ASSET_SYMBOL_EXTENSIONS = YES;
				CLANG_ANALYZER_NONNULL = YES;
				CLANG_ANALYZER_NUMBER_OBJECT_CONVERSION = YES_AGGRESSIVE;
				CLANG_CXX_LANGUAGE_STANDARD = "gnu++20";
				CLANG_ENABLE_MODULES = YES;
				CLANG_ENABLE_OBJC_ARC = YES;
				CLANG_ENABLE_OBJC_WEAK = YES;
				CLANG_WARN_BLOCK_CAPTURE_AUTORELEASING = YES;
				CLANG_WARN_BOOL_CONVERSION = YES;
				CLANG_WARN_COMMA = YES;
				CLANG_WARN_CONSTANT_CONVERSION = YES;
				CLANG_WARN_DEPRECATED_OBJC_IMPLEMENTATIONS = YES;
				CLANG_WARN_DIRECT_OBJC_ISA_USAGE = YES_ERROR;
				CLANG_WARN_DOCUMENTATION_COMMENTS = YES;
				CLANG_WARN_EMPTY_BODY = YES;
				CLANG_WARN_ENUM_CONVERSION = YES;
				CLANG_WARN_INFINITE_RECURSION = YES;
				CLANG_WARN_INT_CONVERSION = YES;
				CLANG_WARN_NON_LITERAL_NULL_CONVERSION = YES;
				CLANG_WARN_OBJC_IMPLICIT_RETAIN_SELF = YES;
				CLANG_WARN_OBJC_LITERAL_CONVERSION = YES;
				CLANG_WARN_OBJC_ROOT_CLASS = YES_ERROR;
				CLANG_WARN_QUOTED_INCLUDE_IN_FRAMEWORK_HEADER = YES;
				CLANG_WARN_RANGE_LOOP_ANALYSIS = YES;
				CLANG_WARN_STRICT_PROTOTYPES = YES;
				CLANG_WARN_SUSPICIOUS_MOVE = YES;
				CLANG_WARN_UNGUARDED_AVAILABILITY = YES_AGGRESSIVE;
				CLANG_WARN_UNREACHABLE_CODE = YES;
				CLANG_WARN__DUPLICATE_METHOD_MATCH = YES;
				COPY_PHASE_STRIP = NO;
				DEBUG_INFORMATION_FORMAT = dwarf;
				ENABLE_STRICT_OBJC_MSGSEND = YES;
				ENABLE_TESTABILITY = YES;
				ENABLE_USER_SCRIPT_SANDBOXING = YES;
				GCC_C_LANGUAGE_STANDARD = gnu17;
				GCC_DYNAMIC_NO_PIC = NO;
				GCC_NO_COMMON_BLOCKS = YES;
				GCC_OPTIMIZATION_LEVEL = 0;
				GCC_PREPROCESSOR_DEFINITIONS = (
					"DEBUG=1",
					"$(inherited)",
				);
				GCC_WARN_64_TO_32_BIT_CONVERSION = YES;
				GCC_WARN_ABOUT_RETURN_TYPE = YES_ERROR;
				GCC_WARN_UNDECLARED_SELECTOR = YES;
				GCC_WARN_UNINITIALIZED_AUTOS = YES_AGGRESSIVE;
				GCC_WARN_UNUSED_FUNCTION = YES;
				GCC_WARN_UNUSED_VARIABLE = YES;
				LOCALIZATION_PREFERS_STRING_CATALOGS = YES;
				MTL_ENABLE_DEBUG_INFO = INCLUDE_SOURCE;
				MTL_FAST_MATH = YES;
				ONLY_ACTIVE_ARCH = YES;
				SWIFT_ACTIVE_COMPILATION_CONDITIONS = "DEBUG $(inherited)";
				SWIFT_OPTIMIZATION_LEVEL = "-Onone";
			};
			name = Debug;
		};
		B553AC122C86FF380069C7CB /* Release */ = {
			isa = XCBuildConfiguration;
			buildSettings = {
				ALWAYS_SEARCH_USER_PATHS = NO;
				ASSETCATALOG_COMPILER_GENERATE_SWIFT_ASSET_SYMBOL_EXTENSIONS = YES;
				CLANG_ANALYZER_NONNULL = YES;
				CLANG_ANALYZER_NUMBER_OBJECT_CONVERSION = YES_AGGRESSIVE;
				CLANG_CXX_LANGUAGE_STANDARD = "gnu++20";
				CLANG_ENABLE_MODULES = YES;
				CLANG_ENABLE_OBJC_ARC = YES;
				CLANG_ENABLE_OBJC_WEAK = YES;
				CLANG_WARN_BLOCK_CAPTURE_AUTORELEASING = YES;
				CLANG_WARN_BOOL_CONVERSION = YES;
				CLANG_WARN_COMMA = YES;
				CLANG_WARN_CONSTANT_CONVERSION = YES;
				CLANG_WARN_DEPRECATED_OBJC_IMPLEMENTATIONS = YES;
				CLANG_WARN_DIRECT_OBJC_ISA_USAGE = YES_ERROR;
				CLANG_WARN_DOCUMENTATION_COMMENTS = YES;
				CLANG_WARN_EMPTY_BODY = YES;
				CLANG_WARN_ENUM_CONVERSION = YES;
				CLANG_WARN_INFINITE_RECURSION = YES;
				CLANG_WARN_INT_CONVERSION = YES;
				CLANG_WARN_NON_LITERAL_NULL_CONVERSION = YES;
				CLANG_WARN_OBJC_IMPLICIT_RETAIN_SELF = YES;
				CLANG_WARN_OBJC_LITERAL_CONVERSION = YES;
				CLANG_WARN_OBJC_ROOT_CLASS = YES_ERROR;
				CLANG_WARN_QUOTED_INCLUDE_IN_FRAMEWORK_HEADER = YES;
				CLANG_WARN_RANGE_LOOP_ANALYSIS = YES;
				CLANG_WARN_STRICT_PROTOTYPES = YES;
				CLANG_WARN_SUSPICIOUS_MOVE = YES;
				CLANG_WARN_UNGUARDED_AVAILABILITY = YES_AGGRESSIVE;
				CLANG_WARN_UNREACHABLE_CODE = YES;
				CLANG_WARN__DUPLICATE_METHOD_MATCH = YES;
				COPY_PHASE_STRIP = NO;
				DEBUG_INFORMATION_FORMAT = "dwarf-with-dsym";
				ENABLE_NS_ASSERTIONS = NO;
				ENABLE_STRICT_OBJC_MSGSEND = YES;
				ENABLE_USER_SCRIPT_SANDBOXING = YES;
				GCC_C_LANGUAGE_STANDARD = gnu17;
				GCC_NO_COMMON_BLOCKS = YES;
				GCC_WARN_64_TO_32_BIT_CONVERSION = YES;
				GCC_WARN_ABOUT_RETURN_TYPE = YES_ERROR;
				GCC_WARN_UNDECLARED_SELECTOR = YES;
				GCC_WARN_UNINITIALIZED_AUTOS = YES_AGGRESSIVE;
				GCC_WARN_UNUSED_FUNCTION = YES;
				GCC_WARN_UNUSED_VARIABLE = YES;
				LOCALIZATION_PREFERS_STRING_CATALOGS = YES;
				MTL_ENABLE_DEBUG_INFO = NO;
				MTL_FAST_MATH = YES;
				SWIFT_COMPILATION_MODE = wholemodule;
			};
			name = Release;
		};
		B553AC142C86FF380069C7CB /* Debug */ = {
			isa = XCBuildConfiguration;
			buildSettings = {
				ASSETCATALOG_COMPILER_APPICON_NAME = AppIcon;
				ASSETCATALOG_COMPILER_GLOBAL_ACCENT_COLOR_NAME = AccentColor;
				CODE_SIGN_ENTITLEMENTS = RickAndMortyApp/RickAndMortyApp.entitlements;
				CODE_SIGN_STYLE = Automatic;
				CURRENT_PROJECT_VERSION = 1;
				DEVELOPMENT_ASSET_PATHS = "\"RickAndMortyApp/Preview Content\"";
				DEVELOPMENT_TEAM = HM99275N5A;
				ENABLE_HARDENED_RUNTIME = YES;
				ENABLE_PREVIEWS = YES;
				GENERATE_INFOPLIST_FILE = YES;
				INFOPLIST_FILE = RickAndMortyApp/Info.plist;
				"INFOPLIST_KEY_UIApplicationSceneManifest_Generation[sdk=iphoneos*]" = YES;
				"INFOPLIST_KEY_UIApplicationSceneManifest_Generation[sdk=iphonesimulator*]" = YES;
				"INFOPLIST_KEY_UIApplicationSupportsIndirectInputEvents[sdk=iphoneos*]" = YES;
				"INFOPLIST_KEY_UIApplicationSupportsIndirectInputEvents[sdk=iphonesimulator*]" = YES;
				"INFOPLIST_KEY_UILaunchScreen_Generation[sdk=iphoneos*]" = YES;
				"INFOPLIST_KEY_UILaunchScreen_Generation[sdk=iphonesimulator*]" = YES;
				"INFOPLIST_KEY_UIStatusBarStyle[sdk=iphoneos*]" = UIStatusBarStyleDefault;
				"INFOPLIST_KEY_UIStatusBarStyle[sdk=iphonesimulator*]" = UIStatusBarStyleDefault;
				INFOPLIST_KEY_UISupportedInterfaceOrientations_iPad = "UIInterfaceOrientationPortrait UIInterfaceOrientationPortraitUpsideDown UIInterfaceOrientationLandscapeLeft UIInterfaceOrientationLandscapeRight";
				INFOPLIST_KEY_UISupportedInterfaceOrientations_iPhone = "UIInterfaceOrientationPortrait UIInterfaceOrientationLandscapeLeft UIInterfaceOrientationLandscapeRight";
				IPHONEOS_DEPLOYMENT_TARGET = 17.5;
				LD_RUNPATH_SEARCH_PATHS = "@executable_path/Frameworks";
				"LD_RUNPATH_SEARCH_PATHS[sdk=macosx*]" = "@executable_path/../Frameworks";
				MACOSX_DEPLOYMENT_TARGET = 14.5;
				MARKETING_VERSION = 1.0;
				PRODUCT_BUNDLE_IDENTIFIER = com.rickandmorty.jm.RickAndMortyApp;
				PRODUCT_NAME = "$(TARGET_NAME)";
				SDKROOT = auto;
				SUPPORTED_PLATFORMS = "iphoneos iphonesimulator macosx";
				SWIFT_EMIT_LOC_STRINGS = YES;
				SWIFT_VERSION = 5.0;
				TARGETED_DEVICE_FAMILY = "1,2";
			};
			name = Debug;
		};
		B553AC152C86FF380069C7CB /* Release */ = {
			isa = XCBuildConfiguration;
			buildSettings = {
				ASSETCATALOG_COMPILER_APPICON_NAME = AppIcon;
				ASSETCATALOG_COMPILER_GLOBAL_ACCENT_COLOR_NAME = AccentColor;
				CODE_SIGN_ENTITLEMENTS = RickAndMortyApp/RickAndMortyApp.entitlements;
				CODE_SIGN_STYLE = Automatic;
				CURRENT_PROJECT_VERSION = 1;
				DEVELOPMENT_ASSET_PATHS = "\"RickAndMortyApp/Preview Content\"";
				DEVELOPMENT_TEAM = HM99275N5A;
				ENABLE_HARDENED_RUNTIME = YES;
				ENABLE_PREVIEWS = YES;
				GENERATE_INFOPLIST_FILE = YES;
				INFOPLIST_FILE = RickAndMortyApp/Info.plist;
				"INFOPLIST_KEY_UIApplicationSceneManifest_Generation[sdk=iphoneos*]" = YES;
				"INFOPLIST_KEY_UIApplicationSceneManifest_Generation[sdk=iphonesimulator*]" = YES;
				"INFOPLIST_KEY_UIApplicationSupportsIndirectInputEvents[sdk=iphoneos*]" = YES;
				"INFOPLIST_KEY_UIApplicationSupportsIndirectInputEvents[sdk=iphonesimulator*]" = YES;
				"INFOPLIST_KEY_UILaunchScreen_Generation[sdk=iphoneos*]" = YES;
				"INFOPLIST_KEY_UILaunchScreen_Generation[sdk=iphonesimulator*]" = YES;
				"INFOPLIST_KEY_UIStatusBarStyle[sdk=iphoneos*]" = UIStatusBarStyleDefault;
				"INFOPLIST_KEY_UIStatusBarStyle[sdk=iphonesimulator*]" = UIStatusBarStyleDefault;
				INFOPLIST_KEY_UISupportedInterfaceOrientations_iPad = "UIInterfaceOrientationPortrait UIInterfaceOrientationPortraitUpsideDown UIInterfaceOrientationLandscapeLeft UIInterfaceOrientationLandscapeRight";
				INFOPLIST_KEY_UISupportedInterfaceOrientations_iPhone = "UIInterfaceOrientationPortrait UIInterfaceOrientationLandscapeLeft UIInterfaceOrientationLandscapeRight";
				IPHONEOS_DEPLOYMENT_TARGET = 17.5;
				LD_RUNPATH_SEARCH_PATHS = "@executable_path/Frameworks";
				"LD_RUNPATH_SEARCH_PATHS[sdk=macosx*]" = "@executable_path/../Frameworks";
				MACOSX_DEPLOYMENT_TARGET = 14.5;
				MARKETING_VERSION = 1.0;
				PRODUCT_BUNDLE_IDENTIFIER = com.rickandmorty.jm.RickAndMortyApp;
				PRODUCT_NAME = "$(TARGET_NAME)";
				SDKROOT = auto;
				SUPPORTED_PLATFORMS = "iphoneos iphonesimulator macosx";
				SWIFT_EMIT_LOC_STRINGS = YES;
				SWIFT_VERSION = 5.0;
				TARGETED_DEVICE_FAMILY = "1,2";
			};
			name = Release;
		};
		B553AC172C86FF380069C7CB /* Debug */ = {
			isa = XCBuildConfiguration;
			buildSettings = {
				ALWAYS_EMBED_SWIFT_STANDARD_LIBRARIES = YES;
				BUNDLE_LOADER = "$(TEST_HOST)";
				CODE_SIGN_STYLE = Automatic;
				CURRENT_PROJECT_VERSION = 1;
				DEVELOPMENT_TEAM = HM99275N5A;
				GENERATE_INFOPLIST_FILE = YES;
				IPHONEOS_DEPLOYMENT_TARGET = 17.5;
				MACOSX_DEPLOYMENT_TARGET = 14.5;
				MARKETING_VERSION = 1.0;
				PRODUCT_BUNDLE_IDENTIFIER = com.rickandmorty.jm.RickAndMortyAppTests;
				PRODUCT_NAME = "$(TARGET_NAME)";
				SDKROOT = auto;
				SUPPORTED_PLATFORMS = "iphoneos iphonesimulator macosx";
				SWIFT_EMIT_LOC_STRINGS = NO;
				SWIFT_VERSION = 5.0;
				TARGETED_DEVICE_FAMILY = "1,2";
				TEST_HOST = "$(BUILT_PRODUCTS_DIR)/RickAndMortyApp.app/$(BUNDLE_EXECUTABLE_FOLDER_PATH)/RickAndMortyApp";
			};
			name = Debug;
		};
		B553AC182C86FF380069C7CB /* Release */ = {
			isa = XCBuildConfiguration;
			buildSettings = {
				ALWAYS_EMBED_SWIFT_STANDARD_LIBRARIES = YES;
				BUNDLE_LOADER = "$(TEST_HOST)";
				CODE_SIGN_STYLE = Automatic;
				CURRENT_PROJECT_VERSION = 1;
				DEVELOPMENT_TEAM = HM99275N5A;
				GENERATE_INFOPLIST_FILE = YES;
				IPHONEOS_DEPLOYMENT_TARGET = 17.5;
				MACOSX_DEPLOYMENT_TARGET = 14.5;
				MARKETING_VERSION = 1.0;
				PRODUCT_BUNDLE_IDENTIFIER = com.rickandmorty.jm.RickAndMortyAppTests;
				PRODUCT_NAME = "$(TARGET_NAME)";
				SDKROOT = auto;
				SUPPORTED_PLATFORMS = "iphoneos iphonesimulator macosx";
				SWIFT_EMIT_LOC_STRINGS = NO;
				SWIFT_VERSION = 5.0;
				TARGETED_DEVICE_FAMILY = "1,2";
				TEST_HOST = "$(BUILT_PRODUCTS_DIR)/RickAndMortyApp.app/$(BUNDLE_EXECUTABLE_FOLDER_PATH)/RickAndMortyApp";
			};
			name = Release;
		};
		B553AC1A2C86FF380069C7CB /* Debug */ = {
			isa = XCBuildConfiguration;
			buildSettings = {
				ALWAYS_EMBED_SWIFT_STANDARD_LIBRARIES = YES;
				CODE_SIGN_STYLE = Automatic;
				CURRENT_PROJECT_VERSION = 1;
				DEVELOPMENT_TEAM = HM99275N5A;
				GENERATE_INFOPLIST_FILE = YES;
				IPHONEOS_DEPLOYMENT_TARGET = 17.5;
				MACOSX_DEPLOYMENT_TARGET = 14.5;
				MARKETING_VERSION = 1.0;
				PRODUCT_BUNDLE_IDENTIFIER = com.rickandmorty.jm.RickAndMortyAppUITests;
				PRODUCT_NAME = "$(TARGET_NAME)";
				SDKROOT = auto;
				SUPPORTED_PLATFORMS = "iphoneos iphonesimulator macosx";
				SWIFT_EMIT_LOC_STRINGS = NO;
				SWIFT_VERSION = 5.0;
				TARGETED_DEVICE_FAMILY = "1,2";
				TEST_TARGET_NAME = RickAndMortyApp;
			};
			name = Debug;
		};
		B553AC1B2C86FF380069C7CB /* Release */ = {
			isa = XCBuildConfiguration;
			buildSettings = {
				ALWAYS_EMBED_SWIFT_STANDARD_LIBRARIES = YES;
				CODE_SIGN_STYLE = Automatic;
				CURRENT_PROJECT_VERSION = 1;
				DEVELOPMENT_TEAM = HM99275N5A;
				GENERATE_INFOPLIST_FILE = YES;
				IPHONEOS_DEPLOYMENT_TARGET = 17.5;
				MACOSX_DEPLOYMENT_TARGET = 14.5;
				MARKETING_VERSION = 1.0;
				PRODUCT_BUNDLE_IDENTIFIER = com.rickandmorty.jm.RickAndMortyAppUITests;
				PRODUCT_NAME = "$(TARGET_NAME)";
				SDKROOT = auto;
				SUPPORTED_PLATFORMS = "iphoneos iphonesimulator macosx";
				SWIFT_EMIT_LOC_STRINGS = NO;
				SWIFT_VERSION = 5.0;
				TARGETED_DEVICE_FAMILY = "1,2";
				TEST_TARGET_NAME = RickAndMortyApp;
			};
			name = Release;
		};
/* End XCBuildConfiguration section */

/* Begin XCConfigurationList section */
		B553ABE92C86FF360069C7CB /* Build configuration list for PBXProject "RickAndMortyApp" */ = {
			isa = XCConfigurationList;
			buildConfigurations = (
				B553AC112C86FF380069C7CB /* Debug */,
				B553AC122C86FF380069C7CB /* Release */,
			);
			defaultConfigurationIsVisible = 0;
			defaultConfigurationName = Release;
		};
		B553AC132C86FF380069C7CB /* Build configuration list for PBXNativeTarget "RickAndMortyApp" */ = {
			isa = XCConfigurationList;
			buildConfigurations = (
				B553AC142C86FF380069C7CB /* Debug */,
				B553AC152C86FF380069C7CB /* Release */,
			);
			defaultConfigurationIsVisible = 0;
			defaultConfigurationName = Release;
		};
		B553AC162C86FF380069C7CB /* Build configuration list for PBXNativeTarget "RickAndMortyAppTests" */ = {
			isa = XCConfigurationList;
			buildConfigurations = (
				B553AC172C86FF380069C7CB /* Debug */,
				B553AC182C86FF380069C7CB /* Release */,
			);
			defaultConfigurationIsVisible = 0;
			defaultConfigurationName = Release;
		};
		B553AC192C86FF380069C7CB /* Build configuration list for PBXNativeTarget "RickAndMortyAppUITests" */ = {
			isa = XCConfigurationList;
			buildConfigurations = (
				B553AC1A2C86FF380069C7CB /* Debug */,
				B553AC1B2C86FF380069C7CB /* Release */,
			);
			defaultConfigurationIsVisible = 0;
			defaultConfigurationName = Release;
		};
/* End XCConfigurationList section */

/* Begin XCRemoteSwiftPackageReference section */
		B57143182C883653001CDFEC /* XCRemoteSwiftPackageReference "Swinject" */ = {
			isa = XCRemoteSwiftPackageReference;
			repositoryURL = "https://github.com/Swinject/Swinject";
			requirement = {
				kind = upToNextMajorVersion;
				minimumVersion = 2.9.1;
			};
		};
/* End XCRemoteSwiftPackageReference section */

/* Begin XCSwiftPackageProductDependency section */
		B57143192C883653001CDFEC /* Swinject */ = {
			isa = XCSwiftPackageProductDependency;
			package = B57143182C883653001CDFEC /* XCRemoteSwiftPackageReference "Swinject" */;
			productName = Swinject;
		};
/* End XCSwiftPackageProductDependency section */
	};
	rootObject = B553ABE62C86FF360069C7CB /* Project object */;
}
